// !$*UTF8*$!
{
	archiveVersion = 1;
	classes = {
	};
	objectVersion = 55;
	objects = {

/* Begin PBXBuildFile section */
		0A554E45D78D56172405986F /* libPods-DeliveryFood2022Tests.a in Frameworks */ = {isa = PBXBuildFile; fileRef = C0B10D2509201523CC38759A /* libPods-DeliveryFood2022Tests.a */; };
		2C16D93BB72D3AE3906BE5D1 /* libPods-DeliveryFood2022UITests.a in Frameworks */ = {isa = PBXBuildFile; fileRef = 4C947DEE8AD693A08ED7775E /* libPods-DeliveryFood2022UITests.a */; };
		541CCC9428D1D8A300BC272E /* DeliveryCell.swift in Sources */ = {isa = PBXBuildFile; fileRef = 541CCC9328D1D8A300BC272E /* DeliveryCell.swift */; };
		541CCC9628D1DA6400BC272E /* UIColor.swift in Sources */ = {isa = PBXBuildFile; fileRef = 541CCC9528D1DA6400BC272E /* UIColor.swift */; };
		5445C56E2905259B00F01E9E /* Asset.swift in Sources */ = {isa = PBXBuildFile; fileRef = 5445C56D2905259B00F01E9E /* Asset.swift */; };
		5445C57029052E0800F01E9E /* Fonts.swift in Sources */ = {isa = PBXBuildFile; fileRef = 5445C56F29052E0800F01E9E /* Fonts.swift */; };
		5445C57229067C4D00F01E9E /* Colors.xcassets in Resources */ = {isa = PBXBuildFile; fileRef = 5445C57129067C4D00F01E9E /* Colors.xcassets */; };
		5447E9D828C61C5700B2F06D /* AppDelegate.swift in Sources */ = {isa = PBXBuildFile; fileRef = 5447E9D728C61C5700B2F06D /* AppDelegate.swift */; };
		5447E9DA28C61C5700B2F06D /* SceneDelegate.swift in Sources */ = {isa = PBXBuildFile; fileRef = 5447E9D928C61C5700B2F06D /* SceneDelegate.swift */; };
		5447E9DC28C61C5700B2F06D /* CatalogViewController.swift in Sources */ = {isa = PBXBuildFile; fileRef = 5447E9DB28C61C5700B2F06D /* CatalogViewController.swift */; };
		5447E9E128C61C5900B2F06D /* Assets.xcassets in Resources */ = {isa = PBXBuildFile; fileRef = 5447E9E028C61C5900B2F06D /* Assets.xcassets */; };
		5447E9E428C61C5900B2F06D /* LaunchScreen.storyboard in Resources */ = {isa = PBXBuildFile; fileRef = 5447E9E228C61C5900B2F06D /* LaunchScreen.storyboard */; };
		5447E9EF28C61C5A00B2F06D /* DeliveryFood2022Tests.swift in Sources */ = {isa = PBXBuildFile; fileRef = 5447E9EE28C61C5A00B2F06D /* DeliveryFood2022Tests.swift */; };
		5447E9F928C61C5A00B2F06D /* DeliveryFood2022UITests.swift in Sources */ = {isa = PBXBuildFile; fileRef = 5447E9F828C61C5A00B2F06D /* DeliveryFood2022UITests.swift */; };
		5447E9FB28C61C5A00B2F06D /* DeliveryFood2022UITestsLaunchTests.swift in Sources */ = {isa = PBXBuildFile; fileRef = 5447E9FA28C61C5A00B2F06D /* DeliveryFood2022UITestsLaunchTests.swift */; };
		5447EA1A28CA1B2E00B2F06D /* Catalog.swift in Sources */ = {isa = PBXBuildFile; fileRef = 5447EA1928CA1B2E00B2F06D /* Catalog.swift */; };
		5447EA1C28CA1C3D00B2F06D /* CatalogPresenter.swift in Sources */ = {isa = PBXBuildFile; fileRef = 5447EA1B28CA1C3D00B2F06D /* CatalogPresenter.swift */; };
		5447EA1F28CB397900B2F06D /* SalesTableViewCell.swift in Sources */ = {isa = PBXBuildFile; fileRef = 5447EA1E28CB397900B2F06D /* SalesTableViewCell.swift */; };
		5447EA2328CB406300B2F06D /* UIView.swift in Sources */ = {isa = PBXBuildFile; fileRef = 5447EA2228CB406300B2F06D /* UIView.swift */; };
		5447EA2528CB40A900B2F06D /* UiTableViewCell.swift in Sources */ = {isa = PBXBuildFile; fileRef = 5447EA2428CB40A900B2F06D /* UiTableViewCell.swift */; };
		5447EA2728CB40D800B2F06D /* UITableView.swift in Sources */ = {isa = PBXBuildFile; fileRef = 5447EA2628CB40D800B2F06D /* UITableView.swift */; };
		5447EA2A28CB5E1800B2F06D /* SaleModel.swift in Sources */ = {isa = PBXBuildFile; fileRef = 5447EA2928CB5E1700B2F06D /* SaleModel.swift */; };
		5480471528D739730062845B /* Label.swift in Sources */ = {isa = PBXBuildFile; fileRef = 5480471428D739730062845B /* Label.swift */; };
		5480471728D73AA40062845B /* TitleLabel16.swift in Sources */ = {isa = PBXBuildFile; fileRef = 5480471628D73AA40062845B /* TitleLabel16.swift */; };
		5480471928D73D970062845B /* DescriptionLabel14.swift in Sources */ = {isa = PBXBuildFile; fileRef = 5480471828D73D970062845B /* DescriptionLabel14.swift */; };
		5480471B28D73E510062845B /* WhiteLabelRubikMedium14.swift in Sources */ = {isa = PBXBuildFile; fileRef = 5480471A28D73E510062845B /* WhiteLabelRubikMedium14.swift */; };
		5480471E28D9C0A50062845B /* SaleCollectionViewCell.swift in Sources */ = {isa = PBXBuildFile; fileRef = 5480471D28D9C0A50062845B /* SaleCollectionViewCell.swift */; };
		54886D7529128980002BAEE0 /* SaleCellViewModel.swift in Sources */ = {isa = PBXBuildFile; fileRef = 54886D7429128980002BAEE0 /* SaleCellViewModel.swift */; };
		54886D78291289C2002BAEE0 /* SalesCellViewModel.swift in Sources */ = {isa = PBXBuildFile; fileRef = 54886D77291289C2002BAEE0 /* SalesCellViewModel.swift */; };
		54886D7B29128FF3002BAEE0 /* CategoryCellViewModel.swift in Sources */ = {isa = PBXBuildFile; fileRef = 54886D7A29128FF3002BAEE0 /* CategoryCellViewModel.swift */; };
		54886D7E29129038002BAEE0 /* CategoriesCellViewModel.swift in Sources */ = {isa = PBXBuildFile; fileRef = 54886D7D29129038002BAEE0 /* CategoriesCellViewModel.swift */; };
		54886D8129129116002BAEE0 /* ProductCellViewModel.swift in Sources */ = {isa = PBXBuildFile; fileRef = 54886D8029129116002BAEE0 /* ProductCellViewModel.swift */; };
		548B5F9428D35F6B0027236D /* CategoryModel.swift in Sources */ = {isa = PBXBuildFile; fileRef = 548B5F9328D35F6B0027236D /* CategoryModel.swift */; };
		548B5F9728D470950027236D /* ProductTableViewCell.swift in Sources */ = {isa = PBXBuildFile; fileRef = 548B5F9628D470950027236D /* ProductTableViewCell.swift */; };
		548B5F9928D477300027236D /* Archive.otf in Resources */ = {isa = PBXBuildFile; fileRef = 548B5F9828D477300027236D /* Archive.otf */; };
		548B5F9B28D4AD910027236D /* ProductModel.swift in Sources */ = {isa = PBXBuildFile; fileRef = 548B5F9A28D4AD910027236D /* ProductModel.swift */; };
		549447D529069980003B6C65 /* ModuleBuilder.swift in Sources */ = {isa = PBXBuildFile; fileRef = 549447D429069980003B6C65 /* ModuleBuilder.swift */; };
		549447D829080E95003B6C65 /* CatalogAPIService.swift in Sources */ = {isa = PBXBuildFile; fileRef = 549447D729080E95003B6C65 /* CatalogAPIService.swift */; };
		54A93D5D28FEB25300F02278 /* swiftgen.yml in Resources */ = {isa = PBXBuildFile; fileRef = 54A93D5C28FEB25300F02278 /* swiftgen.yml */; };
		54ACDB8428D319BC00392470 /* Rubik-Medium.ttf in Resources */ = {isa = PBXBuildFile; fileRef = 54ACDB8328D319BC00392470 /* Rubik-Medium.ttf */; };
		54ACDB8628D319D100392470 /* Rubik-Regular.ttf in Resources */ = {isa = PBXBuildFile; fileRef = 54ACDB8528D319D100392470 /* Rubik-Regular.ttf */; };
		54ACDB8A28D319F000392470 /* Snowstorm Light.otf in Resources */ = {isa = PBXBuildFile; fileRef = 54ACDB8728D319EF00392470 /* Snowstorm Light.otf */; };
		54ACDB8B28D319F000392470 /* Snowstorm.otf in Resources */ = {isa = PBXBuildFile; fileRef = 54ACDB8828D319F000392470 /* Snowstorm.otf */; };
		54ACDB8C28D319F000392470 /* Snowstorm Bold.otf in Resources */ = {isa = PBXBuildFile; fileRef = 54ACDB8928D319F000392470 /* Snowstorm Bold.otf */; };
		54ACDB8F28D3347500392470 /* CategoriesTableViewCell.swift in Sources */ = {isa = PBXBuildFile; fileRef = 54ACDB8E28D3347500392470 /* CategoriesTableViewCell.swift */; };
		54ACDB9228D3381D00392470 /* CategoryCollectionViewCell.swift in Sources */ = {isa = PBXBuildFile; fileRef = 54ACDB9128D3381C00392470 /* CategoryCollectionViewCell.swift */; };
		899C2BF64634C4B67F1807AC /* Pods_DeliveryFood2022.framework in Frameworks */ = {isa = PBXBuildFile; fileRef = FC0FB96ECC74C952A9EF95F7 /* Pods_DeliveryFood2022.framework */; };
/* End PBXBuildFile section */

/* Begin PBXContainerItemProxy section */
		5447E9EB28C61C5A00B2F06D /* PBXContainerItemProxy */ = {
			isa = PBXContainerItemProxy;
			containerPortal = 5447E9CC28C61C5700B2F06D /* Project object */;
			proxyType = 1;
			remoteGlobalIDString = 5447E9D328C61C5700B2F06D;
			remoteInfo = DeliveryFood2022;
		};
		5447E9F528C61C5A00B2F06D /* PBXContainerItemProxy */ = {
			isa = PBXContainerItemProxy;
			containerPortal = 5447E9CC28C61C5700B2F06D /* Project object */;
			proxyType = 1;
			remoteGlobalIDString = 5447E9D328C61C5700B2F06D;
			remoteInfo = DeliveryFood2022;
		};
/* End PBXContainerItemProxy section */

/* Begin PBXFileReference section */
		4C947DEE8AD693A08ED7775E /* libPods-DeliveryFood2022UITests.a */ = {isa = PBXFileReference; explicitFileType = archive.ar; includeInIndex = 0; path = "libPods-DeliveryFood2022UITests.a"; sourceTree = BUILT_PRODUCTS_DIR; };
		514726509826385CFCCD884A /* Pods-DeliveryFood2022.release.xcconfig */ = {isa = PBXFileReference; includeInIndex = 1; lastKnownFileType = text.xcconfig; name = "Pods-DeliveryFood2022.release.xcconfig"; path = "Target Support Files/Pods-DeliveryFood2022/Pods-DeliveryFood2022.release.xcconfig"; sourceTree = "<group>"; };
		541CCC9328D1D8A300BC272E /* DeliveryCell.swift */ = {isa = PBXFileReference; lastKnownFileType = sourcecode.swift; path = DeliveryCell.swift; sourceTree = "<group>"; };
		541CCC9528D1DA6400BC272E /* UIColor.swift */ = {isa = PBXFileReference; lastKnownFileType = sourcecode.swift; path = UIColor.swift; sourceTree = "<group>"; };
		5445C56D2905259B00F01E9E /* Asset.swift */ = {isa = PBXFileReference; fileEncoding = 4; lastKnownFileType = sourcecode.swift; path = Asset.swift; sourceTree = "<group>"; };
		5445C56F29052E0800F01E9E /* Fonts.swift */ = {isa = PBXFileReference; fileEncoding = 4; lastKnownFileType = sourcecode.swift; path = Fonts.swift; sourceTree = "<group>"; };
		5445C57129067C4D00F01E9E /* Colors.xcassets */ = {isa = PBXFileReference; lastKnownFileType = folder.assetcatalog; path = Colors.xcassets; sourceTree = "<group>"; };
		5447E9D428C61C5700B2F06D /* DeliveryFood2022.app */ = {isa = PBXFileReference; explicitFileType = wrapper.application; includeInIndex = 0; path = DeliveryFood2022.app; sourceTree = BUILT_PRODUCTS_DIR; };
		5447E9D728C61C5700B2F06D /* AppDelegate.swift */ = {isa = PBXFileReference; lastKnownFileType = sourcecode.swift; path = AppDelegate.swift; sourceTree = "<group>"; };
		5447E9D928C61C5700B2F06D /* SceneDelegate.swift */ = {isa = PBXFileReference; lastKnownFileType = sourcecode.swift; path = SceneDelegate.swift; sourceTree = "<group>"; };
		5447E9DB28C61C5700B2F06D /* CatalogViewController.swift */ = {isa = PBXFileReference; lastKnownFileType = sourcecode.swift; path = CatalogViewController.swift; sourceTree = "<group>"; };
		5447E9E028C61C5900B2F06D /* Assets.xcassets */ = {isa = PBXFileReference; lastKnownFileType = folder.assetcatalog; path = Assets.xcassets; sourceTree = "<group>"; };
		5447E9E328C61C5900B2F06D /* Base */ = {isa = PBXFileReference; lastKnownFileType = file.storyboard; name = Base; path = Base.lproj/LaunchScreen.storyboard; sourceTree = "<group>"; };
		5447E9E528C61C5900B2F06D /* Info.plist */ = {isa = PBXFileReference; lastKnownFileType = text.plist.xml; path = Info.plist; sourceTree = "<group>"; };
		5447E9EA28C61C5A00B2F06D /* DeliveryFood2022Tests.xctest */ = {isa = PBXFileReference; explicitFileType = wrapper.cfbundle; includeInIndex = 0; path = DeliveryFood2022Tests.xctest; sourceTree = BUILT_PRODUCTS_DIR; };
		5447E9EE28C61C5A00B2F06D /* DeliveryFood2022Tests.swift */ = {isa = PBXFileReference; lastKnownFileType = sourcecode.swift; path = DeliveryFood2022Tests.swift; sourceTree = "<group>"; };
		5447E9F428C61C5A00B2F06D /* DeliveryFood2022UITests.xctest */ = {isa = PBXFileReference; explicitFileType = wrapper.cfbundle; includeInIndex = 0; path = DeliveryFood2022UITests.xctest; sourceTree = BUILT_PRODUCTS_DIR; };
		5447E9F828C61C5A00B2F06D /* DeliveryFood2022UITests.swift */ = {isa = PBXFileReference; lastKnownFileType = sourcecode.swift; path = DeliveryFood2022UITests.swift; sourceTree = "<group>"; };
		5447E9FA28C61C5A00B2F06D /* DeliveryFood2022UITestsLaunchTests.swift */ = {isa = PBXFileReference; lastKnownFileType = sourcecode.swift; path = DeliveryFood2022UITestsLaunchTests.swift; sourceTree = "<group>"; };
		5447EA1928CA1B2E00B2F06D /* Catalog.swift */ = {isa = PBXFileReference; lastKnownFileType = sourcecode.swift; path = Catalog.swift; sourceTree = "<group>"; };
		5447EA1B28CA1C3D00B2F06D /* CatalogPresenter.swift */ = {isa = PBXFileReference; lastKnownFileType = sourcecode.swift; path = CatalogPresenter.swift; sourceTree = "<group>"; };
		5447EA1E28CB397900B2F06D /* SalesTableViewCell.swift */ = {isa = PBXFileReference; lastKnownFileType = sourcecode.swift; path = SalesTableViewCell.swift; sourceTree = "<group>"; };
		5447EA2228CB406300B2F06D /* UIView.swift */ = {isa = PBXFileReference; lastKnownFileType = sourcecode.swift; path = UIView.swift; sourceTree = "<group>"; };
		5447EA2428CB40A900B2F06D /* UiTableViewCell.swift */ = {isa = PBXFileReference; lastKnownFileType = sourcecode.swift; path = UiTableViewCell.swift; sourceTree = "<group>"; };
		5447EA2628CB40D800B2F06D /* UITableView.swift */ = {isa = PBXFileReference; lastKnownFileType = sourcecode.swift; path = UITableView.swift; sourceTree = "<group>"; };
		5447EA2928CB5E1700B2F06D /* SaleModel.swift */ = {isa = PBXFileReference; lastKnownFileType = sourcecode.swift; path = SaleModel.swift; sourceTree = "<group>"; };
		5480471428D739730062845B /* Label.swift */ = {isa = PBXFileReference; lastKnownFileType = sourcecode.swift; path = Label.swift; sourceTree = "<group>"; };
		5480471628D73AA40062845B /* TitleLabel16.swift */ = {isa = PBXFileReference; lastKnownFileType = sourcecode.swift; path = TitleLabel16.swift; sourceTree = "<group>"; };
		5480471828D73D970062845B /* DescriptionLabel14.swift */ = {isa = PBXFileReference; lastKnownFileType = sourcecode.swift; path = DescriptionLabel14.swift; sourceTree = "<group>"; };
		5480471A28D73E510062845B /* WhiteLabelRubikMedium14.swift */ = {isa = PBXFileReference; lastKnownFileType = sourcecode.swift; path = WhiteLabelRubikMedium14.swift; sourceTree = "<group>"; };
		5480471D28D9C0A50062845B /* SaleCollectionViewCell.swift */ = {isa = PBXFileReference; lastKnownFileType = sourcecode.swift; path = SaleCollectionViewCell.swift; sourceTree = "<group>"; };
		54886D7429128980002BAEE0 /* SaleCellViewModel.swift */ = {isa = PBXFileReference; lastKnownFileType = sourcecode.swift; path = SaleCellViewModel.swift; sourceTree = "<group>"; };
		54886D77291289C2002BAEE0 /* SalesCellViewModel.swift */ = {isa = PBXFileReference; lastKnownFileType = sourcecode.swift; path = SalesCellViewModel.swift; sourceTree = "<group>"; };
		54886D7A29128FF3002BAEE0 /* CategoryCellViewModel.swift */ = {isa = PBXFileReference; lastKnownFileType = sourcecode.swift; path = CategoryCellViewModel.swift; sourceTree = "<group>"; };
		54886D7D29129038002BAEE0 /* CategoriesCellViewModel.swift */ = {isa = PBXFileReference; lastKnownFileType = sourcecode.swift; path = CategoriesCellViewModel.swift; sourceTree = "<group>"; };
		54886D8029129116002BAEE0 /* ProductCellViewModel.swift */ = {isa = PBXFileReference; lastKnownFileType = sourcecode.swift; path = ProductCellViewModel.swift; sourceTree = "<group>"; };
		548B5F9328D35F6B0027236D /* CategoryModel.swift */ = {isa = PBXFileReference; lastKnownFileType = sourcecode.swift; path = CategoryModel.swift; sourceTree = "<group>"; };
		548B5F9628D470950027236D /* ProductTableViewCell.swift */ = {isa = PBXFileReference; lastKnownFileType = sourcecode.swift; path = ProductTableViewCell.swift; sourceTree = "<group>"; };
		548B5F9828D477300027236D /* Archive.otf */ = {isa = PBXFileReference; lastKnownFileType = file; path = Archive.otf; sourceTree = "<group>"; };
		548B5F9A28D4AD910027236D /* ProductModel.swift */ = {isa = PBXFileReference; lastKnownFileType = sourcecode.swift; path = ProductModel.swift; sourceTree = "<group>"; };
		549447D429069980003B6C65 /* ModuleBuilder.swift */ = {isa = PBXFileReference; lastKnownFileType = sourcecode.swift; path = ModuleBuilder.swift; sourceTree = "<group>"; };
		549447D729080E95003B6C65 /* CatalogAPIService.swift */ = {isa = PBXFileReference; lastKnownFileType = sourcecode.swift; path = CatalogAPIService.swift; sourceTree = "<group>"; };
		54A93D5C28FEB25300F02278 /* swiftgen.yml */ = {isa = PBXFileReference; fileEncoding = 4; lastKnownFileType = text.yaml; path = swiftgen.yml; sourceTree = "<group>"; };
		54ACDB8328D319BC00392470 /* Rubik-Medium.ttf */ = {isa = PBXFileReference; lastKnownFileType = file; path = "Rubik-Medium.ttf"; sourceTree = "<group>"; };
		54ACDB8528D319D100392470 /* Rubik-Regular.ttf */ = {isa = PBXFileReference; lastKnownFileType = file; path = "Rubik-Regular.ttf"; sourceTree = "<group>"; };
		54ACDB8728D319EF00392470 /* Snowstorm Light.otf */ = {isa = PBXFileReference; lastKnownFileType = file; path = "Snowstorm Light.otf"; sourceTree = "<group>"; };
		54ACDB8828D319F000392470 /* Snowstorm.otf */ = {isa = PBXFileReference; lastKnownFileType = file; path = Snowstorm.otf; sourceTree = "<group>"; };
		54ACDB8928D319F000392470 /* Snowstorm Bold.otf */ = {isa = PBXFileReference; lastKnownFileType = file; path = "Snowstorm Bold.otf"; sourceTree = "<group>"; };
		54ACDB8E28D3347500392470 /* CategoriesTableViewCell.swift */ = {isa = PBXFileReference; lastKnownFileType = sourcecode.swift; path = CategoriesTableViewCell.swift; sourceTree = "<group>"; };
		54ACDB9128D3381C00392470 /* CategoryCollectionViewCell.swift */ = {isa = PBXFileReference; lastKnownFileType = sourcecode.swift; path = CategoryCollectionViewCell.swift; sourceTree = "<group>"; };
		651414F087348A22FA6C4AA5 /* Pods-DeliveryFood2022.debug.xcconfig */ = {isa = PBXFileReference; includeInIndex = 1; lastKnownFileType = text.xcconfig; name = "Pods-DeliveryFood2022.debug.xcconfig"; path = "Target Support Files/Pods-DeliveryFood2022/Pods-DeliveryFood2022.debug.xcconfig"; sourceTree = "<group>"; };
		7BD6B90697C98E0C5715DCED /* Pods-DeliveryFood2022Tests.release.xcconfig */ = {isa = PBXFileReference; includeInIndex = 1; lastKnownFileType = text.xcconfig; name = "Pods-DeliveryFood2022Tests.release.xcconfig"; path = "Target Support Files/Pods-DeliveryFood2022Tests/Pods-DeliveryFood2022Tests.release.xcconfig"; sourceTree = "<group>"; };
		B351CDF9D9C6A9BA889F6D74 /* Pods-DeliveryFood2022Tests.debug.xcconfig */ = {isa = PBXFileReference; includeInIndex = 1; lastKnownFileType = text.xcconfig; name = "Pods-DeliveryFood2022Tests.debug.xcconfig"; path = "Target Support Files/Pods-DeliveryFood2022Tests/Pods-DeliveryFood2022Tests.debug.xcconfig"; sourceTree = "<group>"; };
		C0B10D2509201523CC38759A /* libPods-DeliveryFood2022Tests.a */ = {isa = PBXFileReference; explicitFileType = archive.ar; includeInIndex = 0; path = "libPods-DeliveryFood2022Tests.a"; sourceTree = BUILT_PRODUCTS_DIR; };
		DF5D3DE02185B5120A4ECE6E /* Pods-DeliveryFood2022UITests.debug.xcconfig */ = {isa = PBXFileReference; includeInIndex = 1; lastKnownFileType = text.xcconfig; name = "Pods-DeliveryFood2022UITests.debug.xcconfig"; path = "Target Support Files/Pods-DeliveryFood2022UITests/Pods-DeliveryFood2022UITests.debug.xcconfig"; sourceTree = "<group>"; };
		F111C495AFF522B160A34B03 /* Pods-DeliveryFood2022UITests.release.xcconfig */ = {isa = PBXFileReference; includeInIndex = 1; lastKnownFileType = text.xcconfig; name = "Pods-DeliveryFood2022UITests.release.xcconfig"; path = "Target Support Files/Pods-DeliveryFood2022UITests/Pods-DeliveryFood2022UITests.release.xcconfig"; sourceTree = "<group>"; };
		FC0FB96ECC74C952A9EF95F7 /* Pods_DeliveryFood2022.framework */ = {isa = PBXFileReference; explicitFileType = wrapper.framework; includeInIndex = 0; path = Pods_DeliveryFood2022.framework; sourceTree = BUILT_PRODUCTS_DIR; };
/* End PBXFileReference section */

/* Begin PBXFrameworksBuildPhase section */
		5447E9D128C61C5700B2F06D /* Frameworks */ = {
			isa = PBXFrameworksBuildPhase;
			buildActionMask = 2147483647;
			files = (
				899C2BF64634C4B67F1807AC /* Pods_DeliveryFood2022.framework in Frameworks */,
			);
			runOnlyForDeploymentPostprocessing = 0;
		};
		5447E9E728C61C5A00B2F06D /* Frameworks */ = {
			isa = PBXFrameworksBuildPhase;
			buildActionMask = 2147483647;
			files = (
				0A554E45D78D56172405986F /* libPods-DeliveryFood2022Tests.a in Frameworks */,
			);
			runOnlyForDeploymentPostprocessing = 0;
		};
		5447E9F128C61C5A00B2F06D /* Frameworks */ = {
			isa = PBXFrameworksBuildPhase;
			buildActionMask = 2147483647;
			files = (
				2C16D93BB72D3AE3906BE5D1 /* libPods-DeliveryFood2022UITests.a in Frameworks */,
			);
			runOnlyForDeploymentPostprocessing = 0;
		};
/* End PBXFrameworksBuildPhase section */

/* Begin PBXGroup section */
		541CCC9228D1D88700BC272E /* DeliveryCell */ = {
			isa = PBXGroup;
			children = (
				541CCC9328D1D8A300BC272E /* DeliveryCell.swift */,
			);
			path = DeliveryCell;
			sourceTree = "<group>";
		};
		541CCC9828D20C8100BC272E /* Fonts */ = {
			isa = PBXGroup;
			children = (
				54ACDB8528D319D100392470 /* Rubik-Regular.ttf */,
				54ACDB8328D319BC00392470 /* Rubik-Medium.ttf */,
				548B5F9828D477300027236D /* Archive.otf */,
				54ACDB8928D319F000392470 /* Snowstorm Bold.otf */,
				54ACDB8728D319EF00392470 /* Snowstorm Light.otf */,
				54ACDB8828D319F000392470 /* Snowstorm.otf */,
			);
			path = Fonts;
			sourceTree = "<group>";
		};
		5445C56C2905259B00F01E9E /* Generated */ = {
			isa = PBXGroup;
			children = (
				5445C56D2905259B00F01E9E /* Asset.swift */,
				5445C56F29052E0800F01E9E /* Fonts.swift */,
			);
			path = Generated;
			sourceTree = "<group>";
		};
		5445C5772906993600F01E9E /* Managers */ = {
			isa = PBXGroup;
			children = (
				549447D629080E7C003B6C65 /* CatalogAPIService */,
				549447D429069980003B6C65 /* ModuleBuilder.swift */,
			);
			path = Managers;
			sourceTree = "<group>";
		};
		5447E9CB28C61C5700B2F06D = {
			isa = PBXGroup;
			children = (
				54A93D5C28FEB25300F02278 /* swiftgen.yml */,
				5447E9D628C61C5700B2F06D /* DeliveryFood2022 */,
				5447E9ED28C61C5A00B2F06D /* DeliveryFood2022Tests */,
				5447E9F728C61C5A00B2F06D /* DeliveryFood2022UITests */,
				5447E9D528C61C5700B2F06D /* Products */,
				788EFE476D31042EF137E3A7 /* Pods */,
				B93ECAB76FAA72CD61A6FE02 /* Frameworks */,
			);
			sourceTree = "<group>";
		};
		5447E9D528C61C5700B2F06D /* Products */ = {
			isa = PBXGroup;
			children = (
				5447E9D428C61C5700B2F06D /* DeliveryFood2022.app */,
				5447E9EA28C61C5A00B2F06D /* DeliveryFood2022Tests.xctest */,
				5447E9F428C61C5A00B2F06D /* DeliveryFood2022UITests.xctest */,
			);
			name = Products;
			sourceTree = "<group>";
		};
		5447E9D628C61C5700B2F06D /* DeliveryFood2022 */ = {
			isa = PBXGroup;
			children = (
				5447EA1028CA1A4200B2F06D /* Applications */,
				5480471228D739560062845B /* Common */,
				5447EA1228CA1A8800B2F06D /* Modules */,
			);
			path = DeliveryFood2022;
			sourceTree = "<group>";
		};
		5447E9ED28C61C5A00B2F06D /* DeliveryFood2022Tests */ = {
			isa = PBXGroup;
			children = (
				5447E9EE28C61C5A00B2F06D /* DeliveryFood2022Tests.swift */,
			);
			path = DeliveryFood2022Tests;
			sourceTree = "<group>";
		};
		5447E9F728C61C5A00B2F06D /* DeliveryFood2022UITests */ = {
			isa = PBXGroup;
			children = (
				5447E9F828C61C5A00B2F06D /* DeliveryFood2022UITests.swift */,
				5447E9FA28C61C5A00B2F06D /* DeliveryFood2022UITestsLaunchTests.swift */,
			);
			path = DeliveryFood2022UITests;
			sourceTree = "<group>";
		};
		5447EA1028CA1A4200B2F06D /* Applications */ = {
			isa = PBXGroup;
			children = (
				5445C56C2905259B00F01E9E /* Generated */,
				5447E9D728C61C5700B2F06D /* AppDelegate.swift */,
				5447E9D928C61C5700B2F06D /* SceneDelegate.swift */,
				5447E9E028C61C5900B2F06D /* Assets.xcassets */,
				5445C57129067C4D00F01E9E /* Colors.xcassets */,
				5447E9E228C61C5900B2F06D /* LaunchScreen.storyboard */,
				5447E9E528C61C5900B2F06D /* Info.plist */,
			);
			path = Applications;
			sourceTree = "<group>";
		};
		5447EA1128CA1A7F00B2F06D /* Catalog */ = {
			isa = PBXGroup;
			children = (
				5447EA1D28CB395A00B2F06D /* Cells */,
				5447EA1428CA1AAE00B2F06D /* Models */,
				5447EA1328CA1AA500B2F06D /* Entities */,
				5447E9DB28C61C5700B2F06D /* CatalogViewController.swift */,
				5447EA1B28CA1C3D00B2F06D /* CatalogPresenter.swift */,
			);
			path = Catalog;
			sourceTree = "<group>";
		};
		5447EA1228CA1A8800B2F06D /* Modules */ = {
			isa = PBXGroup;
			children = (
				5447EA1128CA1A7F00B2F06D /* Catalog */,
			);
			path = Modules;
			sourceTree = "<group>";
		};
		5447EA1328CA1AA500B2F06D /* Entities */ = {
			isa = PBXGroup;
			children = (
				5447EA1928CA1B2E00B2F06D /* Catalog.swift */,
			);
			path = Entities;
			sourceTree = "<group>";
		};
		5447EA1428CA1AAE00B2F06D /* Models */ = {
			isa = PBXGroup;
			children = (
				5447EA2928CB5E1700B2F06D /* SaleModel.swift */,
				548B5F9328D35F6B0027236D /* CategoryModel.swift */,
				548B5F9A28D4AD910027236D /* ProductModel.swift */,
			);
			path = Models;
			sourceTree = "<group>";
		};
		5447EA1D28CB395A00B2F06D /* Cells */ = {
			isa = PBXGroup;
			children = (
				5447EA2028CB3FD700B2F06D /* SalesCell */,
				541CCC9228D1D88700BC272E /* DeliveryCell */,
				54ACDB8D28D3345500392470 /* CategoriesCell */,
				548B5F9528D4707E0027236D /* ProductCell */,
			);
			path = Cells;
			sourceTree = "<group>";
		};
		5447EA2028CB3FD700B2F06D /* SalesCell */ = {
			isa = PBXGroup;
			children = (
				5480471C28D9C0800062845B /* SalesImageCell */,
				5447EA1E28CB397900B2F06D /* SalesTableViewCell.swift */,
				54886D76291289AE002BAEE0 /* SalesCellViewModel */,
			);
			path = SalesCell;
			sourceTree = "<group>";
		};
		5447EA2128CB402F00B2F06D /* Extensions */ = {
			isa = PBXGroup;
			children = (
				5447EA2228CB406300B2F06D /* UIView.swift */,
				5447EA2428CB40A900B2F06D /* UiTableViewCell.swift */,
				5447EA2628CB40D800B2F06D /* UITableView.swift */,
				541CCC9528D1DA6400BC272E /* UIColor.swift */,
			);
			path = Extensions;
			sourceTree = "<group>";
		};
		5480471228D739560062845B /* Common */ = {
			isa = PBXGroup;
			children = (
				5445C5772906993600F01E9E /* Managers */,
				5480471328D739670062845B /* Classes */,
				541CCC9828D20C8100BC272E /* Fonts */,
				5447EA2128CB402F00B2F06D /* Extensions */,
			);
			path = Common;
			sourceTree = "<group>";
		};
		5480471328D739670062845B /* Classes */ = {
			isa = PBXGroup;
			children = (
				5480471428D739730062845B /* Label.swift */,
				5480471628D73AA40062845B /* TitleLabel16.swift */,
				5480471828D73D970062845B /* DescriptionLabel14.swift */,
				5480471A28D73E510062845B /* WhiteLabelRubikMedium14.swift */,
			);
			path = Classes;
			sourceTree = "<group>";
		};
		5480471C28D9C0800062845B /* SalesImageCell */ = {
			isa = PBXGroup;
			children = (
				54886D7229128962002BAEE0 /* SaleCellViewModel */,
				5480471D28D9C0A50062845B /* SaleCollectionViewCell.swift */,
			);
			path = SalesImageCell;
			sourceTree = "<group>";
		};
		54886D7229128962002BAEE0 /* SaleCellViewModel */ = {
			isa = PBXGroup;
			children = (
				54886D7429128980002BAEE0 /* SaleCellViewModel.swift */,
			);
			path = SaleCellViewModel;
			sourceTree = "<group>";
		};
		54886D76291289AE002BAEE0 /* SalesCellViewModel */ = {
			isa = PBXGroup;
			children = (
				54886D77291289C2002BAEE0 /* SalesCellViewModel.swift */,
			);
			path = SalesCellViewModel;
			sourceTree = "<group>";
		};
		54886D7929128FE9002BAEE0 /* CategoryCellViewModel */ = {
			isa = PBXGroup;
			children = (
				54886D7A29128FF3002BAEE0 /* CategoryCellViewModel.swift */,
			);
			path = CategoryCellViewModel;
			sourceTree = "<group>";
		};
		54886D7C29129018002BAEE0 /* CategoriesCellViewModel */ = {
			isa = PBXGroup;
			children = (
				54886D7D29129038002BAEE0 /* CategoriesCellViewModel.swift */,
			);
			path = CategoriesCellViewModel;
			sourceTree = "<group>";
		};
		54886D7F2912910F002BAEE0 /* ProductCellViewModel */ = {
			isa = PBXGroup;
			children = (
				54886D8029129116002BAEE0 /* ProductCellViewModel.swift */,
			);
			path = ProductCellViewModel;
			sourceTree = "<group>";
		};
		548B5F9528D4707E0027236D /* ProductCell */ = {
			isa = PBXGroup;
			children = (
				548B5F9628D470950027236D /* ProductTableViewCell.swift */,
				54886D7F2912910F002BAEE0 /* ProductCellViewModel */,
			);
			path = ProductCell;
			sourceTree = "<group>";
		};
		549447D629080E7C003B6C65 /* CatalogAPIService */ = {
			isa = PBXGroup;
			children = (
				549447D729080E95003B6C65 /* CatalogAPIService.swift */,
			);
			path = CatalogAPIService;
			sourceTree = "<group>";
		};
		54ACDB8D28D3345500392470 /* CategoriesCell */ = {
			isa = PBXGroup;
			children = (
				54ACDB9028D337D900392470 /* CategoryCollectionViewCell */,
				54ACDB8E28D3347500392470 /* CategoriesTableViewCell.swift */,
				54886D7C29129018002BAEE0 /* CategoriesCellViewModel */,
			);
			path = CategoriesCell;
			sourceTree = "<group>";
		};
		54ACDB9028D337D900392470 /* CategoryCollectionViewCell */ = {
			isa = PBXGroup;
			children = (
				54886D7929128FE9002BAEE0 /* CategoryCellViewModel */,
				54ACDB9128D3381C00392470 /* CategoryCollectionViewCell.swift */,
			);
			path = CategoryCollectionViewCell;
			sourceTree = "<group>";
		};
		788EFE476D31042EF137E3A7 /* Pods */ = {
			isa = PBXGroup;
			children = (
				651414F087348A22FA6C4AA5 /* Pods-DeliveryFood2022.debug.xcconfig */,
				514726509826385CFCCD884A /* Pods-DeliveryFood2022.release.xcconfig */,
				B351CDF9D9C6A9BA889F6D74 /* Pods-DeliveryFood2022Tests.debug.xcconfig */,
				7BD6B90697C98E0C5715DCED /* Pods-DeliveryFood2022Tests.release.xcconfig */,
				DF5D3DE02185B5120A4ECE6E /* Pods-DeliveryFood2022UITests.debug.xcconfig */,
				F111C495AFF522B160A34B03 /* Pods-DeliveryFood2022UITests.release.xcconfig */,
			);
			path = Pods;
			sourceTree = "<group>";
		};
		B93ECAB76FAA72CD61A6FE02 /* Frameworks */ = {
			isa = PBXGroup;
			children = (
				FC0FB96ECC74C952A9EF95F7 /* Pods_DeliveryFood2022.framework */,
				C0B10D2509201523CC38759A /* libPods-DeliveryFood2022Tests.a */,
				4C947DEE8AD693A08ED7775E /* libPods-DeliveryFood2022UITests.a */,
			);
			name = Frameworks;
			sourceTree = "<group>";
		};
/* End PBXGroup section */

/* Begin PBXNativeTarget section */
		5447E9D328C61C5700B2F06D /* DeliveryFood2022 */ = {
			isa = PBXNativeTarget;
			buildConfigurationList = 5447E9FE28C61C5A00B2F06D /* Build configuration list for PBXNativeTarget "DeliveryFood2022" */;
			buildPhases = (
				490FDE0023D144A988060C4A /* [CP] Check Pods Manifest.lock */,
				54A93D5E28FEB38100F02278 /* SwiftGen */,
				5447E9D028C61C5700B2F06D /* Sources */,
				5447E9D128C61C5700B2F06D /* Frameworks */,
				5447E9D228C61C5700B2F06D /* Resources */,
				B4EB308C5C5F6BF471CA4771 /* [CP] Embed Pods Frameworks */,
			);
			buildRules = (
			);
			dependencies = (
			);
			name = DeliveryFood2022;
			productName = DeliveryFood2022;
			productReference = 5447E9D428C61C5700B2F06D /* DeliveryFood2022.app */;
			productType = "com.apple.product-type.application";
		};
		5447E9E928C61C5A00B2F06D /* DeliveryFood2022Tests */ = {
			isa = PBXNativeTarget;
			buildConfigurationList = 5447EA0128C61C5A00B2F06D /* Build configuration list for PBXNativeTarget "DeliveryFood2022Tests" */;
			buildPhases = (
				F130088234B8F685DE950C15 /* [CP] Check Pods Manifest.lock */,
				5447E9E628C61C5A00B2F06D /* Sources */,
				5447E9E728C61C5A00B2F06D /* Frameworks */,
				5447E9E828C61C5A00B2F06D /* Resources */,
			);
			buildRules = (
			);
			dependencies = (
				5447E9EC28C61C5A00B2F06D /* PBXTargetDependency */,
			);
			name = DeliveryFood2022Tests;
			productName = DeliveryFood2022Tests;
			productReference = 5447E9EA28C61C5A00B2F06D /* DeliveryFood2022Tests.xctest */;
			productType = "com.apple.product-type.bundle.unit-test";
		};
		5447E9F328C61C5A00B2F06D /* DeliveryFood2022UITests */ = {
			isa = PBXNativeTarget;
			buildConfigurationList = 5447EA0428C61C5A00B2F06D /* Build configuration list for PBXNativeTarget "DeliveryFood2022UITests" */;
			buildPhases = (
				B5B110C48356EB661BEB229D /* [CP] Check Pods Manifest.lock */,
				5447E9F028C61C5A00B2F06D /* Sources */,
				5447E9F128C61C5A00B2F06D /* Frameworks */,
				5447E9F228C61C5A00B2F06D /* Resources */,
			);
			buildRules = (
			);
			dependencies = (
				5447E9F628C61C5A00B2F06D /* PBXTargetDependency */,
			);
			name = DeliveryFood2022UITests;
			productName = DeliveryFood2022UITests;
			productReference = 5447E9F428C61C5A00B2F06D /* DeliveryFood2022UITests.xctest */;
			productType = "com.apple.product-type.bundle.ui-testing";
		};
/* End PBXNativeTarget section */

/* Begin PBXProject section */
		5447E9CC28C61C5700B2F06D /* Project object */ = {
			isa = PBXProject;
			attributes = {
				BuildIndependentTargetsInParallel = 1;
				LastSwiftUpdateCheck = 1300;
				LastUpgradeCheck = 1300;
				TargetAttributes = {
					5447E9D328C61C5700B2F06D = {
						CreatedOnToolsVersion = 13.0;
					};
					5447E9E928C61C5A00B2F06D = {
						CreatedOnToolsVersion = 13.0;
						TestTargetID = 5447E9D328C61C5700B2F06D;
					};
					5447E9F328C61C5A00B2F06D = {
						CreatedOnToolsVersion = 13.0;
						TestTargetID = 5447E9D328C61C5700B2F06D;
					};
				};
			};
			buildConfigurationList = 5447E9CF28C61C5700B2F06D /* Build configuration list for PBXProject "DeliveryFood2022" */;
			compatibilityVersion = "Xcode 13.0";
			developmentRegion = en;
			hasScannedForEncodings = 0;
			knownRegions = (
				en,
				Base,
			);
			mainGroup = 5447E9CB28C61C5700B2F06D;
			productRefGroup = 5447E9D528C61C5700B2F06D /* Products */;
			projectDirPath = "";
			projectRoot = "";
			targets = (
				5447E9D328C61C5700B2F06D /* DeliveryFood2022 */,
				5447E9E928C61C5A00B2F06D /* DeliveryFood2022Tests */,
				5447E9F328C61C5A00B2F06D /* DeliveryFood2022UITests */,
			);
		};
/* End PBXProject section */

/* Begin PBXResourcesBuildPhase section */
		5447E9D228C61C5700B2F06D /* Resources */ = {
			isa = PBXResourcesBuildPhase;
			buildActionMask = 2147483647;
			files = (
				54ACDB8A28D319F000392470 /* Snowstorm Light.otf in Resources */,
				5447E9E428C61C5900B2F06D /* LaunchScreen.storyboard in Resources */,
				54ACDB8B28D319F000392470 /* Snowstorm.otf in Resources */,
				54ACDB8628D319D100392470 /* Rubik-Regular.ttf in Resources */,
				548B5F9928D477300027236D /* Archive.otf in Resources */,
				5445C57229067C4D00F01E9E /* Colors.xcassets in Resources */,
				5447E9E128C61C5900B2F06D /* Assets.xcassets in Resources */,
				54ACDB8C28D319F000392470 /* Snowstorm Bold.otf in Resources */,
				54ACDB8428D319BC00392470 /* Rubik-Medium.ttf in Resources */,
				54A93D5D28FEB25300F02278 /* swiftgen.yml in Resources */,
			);
			runOnlyForDeploymentPostprocessing = 0;
		};
		5447E9E828C61C5A00B2F06D /* Resources */ = {
			isa = PBXResourcesBuildPhase;
			buildActionMask = 2147483647;
			files = (
			);
			runOnlyForDeploymentPostprocessing = 0;
		};
		5447E9F228C61C5A00B2F06D /* Resources */ = {
			isa = PBXResourcesBuildPhase;
			buildActionMask = 2147483647;
			files = (
			);
			runOnlyForDeploymentPostprocessing = 0;
		};
/* End PBXResourcesBuildPhase section */

/* Begin PBXShellScriptBuildPhase section */
		490FDE0023D144A988060C4A /* [CP] Check Pods Manifest.lock */ = {
			isa = PBXShellScriptBuildPhase;
			buildActionMask = 2147483647;
			files = (
			);
			inputFileListPaths = (
			);
			inputPaths = (
				"${PODS_PODFILE_DIR_PATH}/Podfile.lock",
				"${PODS_ROOT}/Manifest.lock",
			);
			name = "[CP] Check Pods Manifest.lock";
			outputFileListPaths = (
			);
			outputPaths = (
				"$(DERIVED_FILE_DIR)/Pods-DeliveryFood2022-checkManifestLockResult.txt",
			);
			runOnlyForDeploymentPostprocessing = 0;
			shellPath = /bin/sh;
			shellScript = "diff \"${PODS_PODFILE_DIR_PATH}/Podfile.lock\" \"${PODS_ROOT}/Manifest.lock\" > /dev/null\nif [ $? != 0 ] ; then\n    # print error to STDERR\n    echo \"error: The sandbox is not in sync with the Podfile.lock. Run 'pod install' or update your CocoaPods installation.\" >&2\n    exit 1\nfi\n# This output is used by Xcode 'outputs' to avoid re-running this script phase.\necho \"SUCCESS\" > \"${SCRIPT_OUTPUT_FILE_0}\"\n";
			showEnvVarsInLog = 0;
		};
		54A93D5E28FEB38100F02278 /* SwiftGen */ = {
			isa = PBXShellScriptBuildPhase;
			buildActionMask = 2147483647;
			files = (
			);
			inputFileListPaths = (
			);
			inputPaths = (
			);
			name = SwiftGen;
			outputFileListPaths = (
			);
			outputPaths = (
			);
			runOnlyForDeploymentPostprocessing = 0;
			shellPath = /bin/sh;
			shellScript = "if [[ -f \"${PODS_ROOT}/SwiftGen/bin/swiftgen\" ]]; then\n  \"${PODS_ROOT}/SwiftGen/bin/swiftgen\"\nelse\n  echo \"warning: SwiftGen is not installed. Run 'pod install --repo-update' to install it.\"\nfi \n";
		};
		B4EB308C5C5F6BF471CA4771 /* [CP] Embed Pods Frameworks */ = {
			isa = PBXShellScriptBuildPhase;
			buildActionMask = 2147483647;
			files = (
			);
			inputFileListPaths = (
				"${PODS_ROOT}/Target Support Files/Pods-DeliveryFood2022/Pods-DeliveryFood2022-frameworks-${CONFIGURATION}-input-files.xcfilelist",
			);
			name = "[CP] Embed Pods Frameworks";
			outputFileListPaths = (
				"${PODS_ROOT}/Target Support Files/Pods-DeliveryFood2022/Pods-DeliveryFood2022-frameworks-${CONFIGURATION}-output-files.xcfilelist",
			);
			runOnlyForDeploymentPostprocessing = 0;
			shellPath = /bin/sh;
			shellScript = "\"${PODS_ROOT}/Target Support Files/Pods-DeliveryFood2022/Pods-DeliveryFood2022-frameworks.sh\"\n";
			showEnvVarsInLog = 0;
		};
		B5B110C48356EB661BEB229D /* [CP] Check Pods Manifest.lock */ = {
			isa = PBXShellScriptBuildPhase;
			buildActionMask = 2147483647;
			files = (
			);
			inputFileListPaths = (
			);
			inputPaths = (
				"${PODS_PODFILE_DIR_PATH}/Podfile.lock",
				"${PODS_ROOT}/Manifest.lock",
			);
			name = "[CP] Check Pods Manifest.lock";
			outputFileListPaths = (
			);
			outputPaths = (
				"$(DERIVED_FILE_DIR)/Pods-DeliveryFood2022UITests-checkManifestLockResult.txt",
			);
			runOnlyForDeploymentPostprocessing = 0;
			shellPath = /bin/sh;
			shellScript = "diff \"${PODS_PODFILE_DIR_PATH}/Podfile.lock\" \"${PODS_ROOT}/Manifest.lock\" > /dev/null\nif [ $? != 0 ] ; then\n    # print error to STDERR\n    echo \"error: The sandbox is not in sync with the Podfile.lock. Run 'pod install' or update your CocoaPods installation.\" >&2\n    exit 1\nfi\n# This output is used by Xcode 'outputs' to avoid re-running this script phase.\necho \"SUCCESS\" > \"${SCRIPT_OUTPUT_FILE_0}\"\n";
			showEnvVarsInLog = 0;
		};
		F130088234B8F685DE950C15 /* [CP] Check Pods Manifest.lock */ = {
			isa = PBXShellScriptBuildPhase;
			buildActionMask = 2147483647;
			files = (
			);
			inputFileListPaths = (
			);
			inputPaths = (
				"${PODS_PODFILE_DIR_PATH}/Podfile.lock",
				"${PODS_ROOT}/Manifest.lock",
			);
			name = "[CP] Check Pods Manifest.lock";
			outputFileListPaths = (
			);
			outputPaths = (
				"$(DERIVED_FILE_DIR)/Pods-DeliveryFood2022Tests-checkManifestLockResult.txt",
			);
			runOnlyForDeploymentPostprocessing = 0;
			shellPath = /bin/sh;
			shellScript = "diff \"${PODS_PODFILE_DIR_PATH}/Podfile.lock\" \"${PODS_ROOT}/Manifest.lock\" > /dev/null\nif [ $? != 0 ] ; then\n    # print error to STDERR\n    echo \"error: The sandbox is not in sync with the Podfile.lock. Run 'pod install' or update your CocoaPods installation.\" >&2\n    exit 1\nfi\n# This output is used by Xcode 'outputs' to avoid re-running this script phase.\necho \"SUCCESS\" > \"${SCRIPT_OUTPUT_FILE_0}\"\n";
			showEnvVarsInLog = 0;
		};
/* End PBXShellScriptBuildPhase section */

/* Begin PBXSourcesBuildPhase section */
		5447E9D028C61C5700B2F06D /* Sources */ = {
			isa = PBXSourcesBuildPhase;
			buildActionMask = 2147483647;
			files = (
				549447D829080E95003B6C65 /* CatalogAPIService.swift in Sources */,
				5447E9DC28C61C5700B2F06D /* CatalogViewController.swift in Sources */,
				5480471E28D9C0A50062845B /* SaleCollectionViewCell.swift in Sources */,
				54886D8129129116002BAEE0 /* ProductCellViewModel.swift in Sources */,
				5445C57029052E0800F01E9E /* Fonts.swift in Sources */,
				541CCC9628D1DA6400BC272E /* UIColor.swift in Sources */,
				5447EA1F28CB397900B2F06D /* SalesTableViewCell.swift in Sources */,
				54886D7E29129038002BAEE0 /* CategoriesCellViewModel.swift in Sources */,
				54ACDB8F28D3347500392470 /* CategoriesTableViewCell.swift in Sources */,
				5447E9D828C61C5700B2F06D /* AppDelegate.swift in Sources */,
				5480471528D739730062845B /* Label.swift in Sources */,
				5447E9DA28C61C5700B2F06D /* SceneDelegate.swift in Sources */,
				5447EA1A28CA1B2E00B2F06D /* Catalog.swift in Sources */,
				54886D78291289C2002BAEE0 /* SalesCellViewModel.swift in Sources */,
				548B5F9428D35F6B0027236D /* CategoryModel.swift in Sources */,
				5447EA1C28CA1C3D00B2F06D /* CatalogPresenter.swift in Sources */,
				5480471B28D73E510062845B /* WhiteLabelRubikMedium14.swift in Sources */,
				549447D529069980003B6C65 /* ModuleBuilder.swift in Sources */,
				54886D7529128980002BAEE0 /* SaleCellViewModel.swift in Sources */,
				548B5F9B28D4AD910027236D /* ProductModel.swift in Sources */,
				5447EA2728CB40D800B2F06D /* UITableView.swift in Sources */,
				5447EA2A28CB5E1800B2F06D /* SaleModel.swift in Sources */,
				5480471928D73D970062845B /* DescriptionLabel14.swift in Sources */,
				5445C56E2905259B00F01E9E /* Asset.swift in Sources */,
				5480471728D73AA40062845B /* TitleLabel16.swift in Sources */,
				5447EA2328CB406300B2F06D /* UIView.swift in Sources */,
				548B5F9728D470950027236D /* ProductTableViewCell.swift in Sources */,
				54886D7B29128FF3002BAEE0 /* CategoryCellViewModel.swift in Sources */,
				541CCC9428D1D8A300BC272E /* DeliveryCell.swift in Sources */,
				54ACDB9228D3381D00392470 /* CategoryCollectionViewCell.swift in Sources */,
				5447EA2528CB40A900B2F06D /* UiTableViewCell.swift in Sources */,
			);
			runOnlyForDeploymentPostprocessing = 0;
		};
		5447E9E628C61C5A00B2F06D /* Sources */ = {
			isa = PBXSourcesBuildPhase;
			buildActionMask = 2147483647;
			files = (
				5447E9EF28C61C5A00B2F06D /* DeliveryFood2022Tests.swift in Sources */,
			);
			runOnlyForDeploymentPostprocessing = 0;
		};
		5447E9F028C61C5A00B2F06D /* Sources */ = {
			isa = PBXSourcesBuildPhase;
			buildActionMask = 2147483647;
			files = (
				5447E9FB28C61C5A00B2F06D /* DeliveryFood2022UITestsLaunchTests.swift in Sources */,
				5447E9F928C61C5A00B2F06D /* DeliveryFood2022UITests.swift in Sources */,
			);
			runOnlyForDeploymentPostprocessing = 0;
		};
/* End PBXSourcesBuildPhase section */

/* Begin PBXTargetDependency section */
		5447E9EC28C61C5A00B2F06D /* PBXTargetDependency */ = {
			isa = PBXTargetDependency;
			target = 5447E9D328C61C5700B2F06D /* DeliveryFood2022 */;
			targetProxy = 5447E9EB28C61C5A00B2F06D /* PBXContainerItemProxy */;
		};
		5447E9F628C61C5A00B2F06D /* PBXTargetDependency */ = {
			isa = PBXTargetDependency;
			target = 5447E9D328C61C5700B2F06D /* DeliveryFood2022 */;
			targetProxy = 5447E9F528C61C5A00B2F06D /* PBXContainerItemProxy */;
		};
/* End PBXTargetDependency section */

/* Begin PBXVariantGroup section */
		5447E9E228C61C5900B2F06D /* LaunchScreen.storyboard */ = {
			isa = PBXVariantGroup;
			children = (
				5447E9E328C61C5900B2F06D /* Base */,
			);
			name = LaunchScreen.storyboard;
			sourceTree = "<group>";
		};
/* End PBXVariantGroup section */

/* Begin XCBuildConfiguration section */
		5447E9FC28C61C5A00B2F06D /* Debug */ = {
			isa = XCBuildConfiguration;
			buildSettings = {
				ALWAYS_SEARCH_USER_PATHS = NO;
				CLANG_ANALYZER_NONNULL = YES;
				CLANG_ANALYZER_NUMBER_OBJECT_CONVERSION = YES_AGGRESSIVE;
				CLANG_CXX_LANGUAGE_STANDARD = "gnu++17";
				CLANG_CXX_LIBRARY = "libc++";
				CLANG_ENABLE_MODULES = YES;
				CLANG_ENABLE_OBJC_ARC = YES;
				CLANG_ENABLE_OBJC_WEAK = YES;
				CLANG_WARN_BLOCK_CAPTURE_AUTORELEASING = YES;
				CLANG_WARN_BOOL_CONVERSION = YES;
				CLANG_WARN_COMMA = YES;
				CLANG_WARN_CONSTANT_CONVERSION = YES;
				CLANG_WARN_DEPRECATED_OBJC_IMPLEMENTATIONS = YES;
				CLANG_WARN_DIRECT_OBJC_ISA_USAGE = YES_ERROR;
				CLANG_WARN_DOCUMENTATION_COMMENTS = YES;
				CLANG_WARN_EMPTY_BODY = YES;
				CLANG_WARN_ENUM_CONVERSION = YES;
				CLANG_WARN_INFINITE_RECURSION = YES;
				CLANG_WARN_INT_CONVERSION = YES;
				CLANG_WARN_NON_LITERAL_NULL_CONVERSION = YES;
				CLANG_WARN_OBJC_IMPLICIT_RETAIN_SELF = YES;
				CLANG_WARN_OBJC_LITERAL_CONVERSION = YES;
				CLANG_WARN_OBJC_ROOT_CLASS = YES_ERROR;
				CLANG_WARN_QUOTED_INCLUDE_IN_FRAMEWORK_HEADER = YES;
				CLANG_WARN_RANGE_LOOP_ANALYSIS = YES;
				CLANG_WARN_STRICT_PROTOTYPES = YES;
				CLANG_WARN_SUSPICIOUS_MOVE = YES;
				CLANG_WARN_UNGUARDED_AVAILABILITY = YES_AGGRESSIVE;
				CLANG_WARN_UNREACHABLE_CODE = YES;
				CLANG_WARN__DUPLICATE_METHOD_MATCH = YES;
				COPY_PHASE_STRIP = NO;
				DEBUG_INFORMATION_FORMAT = dwarf;
				ENABLE_STRICT_OBJC_MSGSEND = YES;
				ENABLE_TESTABILITY = YES;
				GCC_C_LANGUAGE_STANDARD = gnu11;
				GCC_DYNAMIC_NO_PIC = NO;
				GCC_NO_COMMON_BLOCKS = YES;
				GCC_OPTIMIZATION_LEVEL = 0;
				GCC_PREPROCESSOR_DEFINITIONS = (
					"DEBUG=1",
					"$(inherited)",
				);
				GCC_WARN_64_TO_32_BIT_CONVERSION = YES;
				GCC_WARN_ABOUT_RETURN_TYPE = YES_ERROR;
				GCC_WARN_UNDECLARED_SELECTOR = YES;
				GCC_WARN_UNINITIALIZED_AUTOS = YES_AGGRESSIVE;
				GCC_WARN_UNUSED_FUNCTION = YES;
				GCC_WARN_UNUSED_VARIABLE = YES;
				IPHONEOS_DEPLOYMENT_TARGET = 13.0;
				MTL_ENABLE_DEBUG_INFO = INCLUDE_SOURCE;
				MTL_FAST_MATH = YES;
				ONLY_ACTIVE_ARCH = YES;
				SDKROOT = iphoneos;
				SWIFT_ACTIVE_COMPILATION_CONDITIONS = DEBUG;
				SWIFT_OPTIMIZATION_LEVEL = "-Onone";
			};
			name = Debug;
		};
		5447E9FD28C61C5A00B2F06D /* Release */ = {
			isa = XCBuildConfiguration;
			buildSettings = {
				ALWAYS_SEARCH_USER_PATHS = NO;
				CLANG_ANALYZER_NONNULL = YES;
				CLANG_ANALYZER_NUMBER_OBJECT_CONVERSION = YES_AGGRESSIVE;
				CLANG_CXX_LANGUAGE_STANDARD = "gnu++17";
				CLANG_CXX_LIBRARY = "libc++";
				CLANG_ENABLE_MODULES = YES;
				CLANG_ENABLE_OBJC_ARC = YES;
				CLANG_ENABLE_OBJC_WEAK = YES;
				CLANG_WARN_BLOCK_CAPTURE_AUTORELEASING = YES;
				CLANG_WARN_BOOL_CONVERSION = YES;
				CLANG_WARN_COMMA = YES;
				CLANG_WARN_CONSTANT_CONVERSION = YES;
				CLANG_WARN_DEPRECATED_OBJC_IMPLEMENTATIONS = YES;
				CLANG_WARN_DIRECT_OBJC_ISA_USAGE = YES_ERROR;
				CLANG_WARN_DOCUMENTATION_COMMENTS = YES;
				CLANG_WARN_EMPTY_BODY = YES;
				CLANG_WARN_ENUM_CONVERSION = YES;
				CLANG_WARN_INFINITE_RECURSION = YES;
				CLANG_WARN_INT_CONVERSION = YES;
				CLANG_WARN_NON_LITERAL_NULL_CONVERSION = YES;
				CLANG_WARN_OBJC_IMPLICIT_RETAIN_SELF = YES;
				CLANG_WARN_OBJC_LITERAL_CONVERSION = YES;
				CLANG_WARN_OBJC_ROOT_CLASS = YES_ERROR;
				CLANG_WARN_QUOTED_INCLUDE_IN_FRAMEWORK_HEADER = YES;
				CLANG_WARN_RANGE_LOOP_ANALYSIS = YES;
				CLANG_WARN_STRICT_PROTOTYPES = YES;
				CLANG_WARN_SUSPICIOUS_MOVE = YES;
				CLANG_WARN_UNGUARDED_AVAILABILITY = YES_AGGRESSIVE;
				CLANG_WARN_UNREACHABLE_CODE = YES;
				CLANG_WARN__DUPLICATE_METHOD_MATCH = YES;
				COPY_PHASE_STRIP = NO;
				DEBUG_INFORMATION_FORMAT = "dwarf-with-dsym";
				ENABLE_NS_ASSERTIONS = NO;
				ENABLE_STRICT_OBJC_MSGSEND = YES;
				GCC_C_LANGUAGE_STANDARD = gnu11;
				GCC_NO_COMMON_BLOCKS = YES;
				GCC_WARN_64_TO_32_BIT_CONVERSION = YES;
				GCC_WARN_ABOUT_RETURN_TYPE = YES_ERROR;
				GCC_WARN_UNDECLARED_SELECTOR = YES;
				GCC_WARN_UNINITIALIZED_AUTOS = YES_AGGRESSIVE;
				GCC_WARN_UNUSED_FUNCTION = YES;
				GCC_WARN_UNUSED_VARIABLE = YES;
				IPHONEOS_DEPLOYMENT_TARGET = 13.0;
				MTL_ENABLE_DEBUG_INFO = NO;
				MTL_FAST_MATH = YES;
				SDKROOT = iphoneos;
				SWIFT_COMPILATION_MODE = wholemodule;
				SWIFT_OPTIMIZATION_LEVEL = "-O";
				VALIDATE_PRODUCT = YES;
			};
			name = Release;
		};
		5447E9FF28C61C5A00B2F06D /* Debug */ = {
			isa = XCBuildConfiguration;
			baseConfigurationReference = 651414F087348A22FA6C4AA5 /* Pods-DeliveryFood2022.debug.xcconfig */;
			buildSettings = {
				ASSETCATALOG_COMPILER_APPICON_NAME = AppIcon;
				ASSETCATALOG_COMPILER_GLOBAL_ACCENT_COLOR_NAME = AccentColor;
				CODE_SIGN_STYLE = Automatic;
				CURRENT_PROJECT_VERSION = 1;
				GENERATE_INFOPLIST_FILE = YES;
				INFOPLIST_FILE = DeliveryFood2022/Applications/Info.plist;
				INFOPLIST_KEY_UIApplicationSupportsIndirectInputEvents = YES;
				INFOPLIST_KEY_UILaunchStoryboardName = LaunchScreen;
				INFOPLIST_KEY_UISupportedInterfaceOrientations_iPad = "UIInterfaceOrientationPortrait UIInterfaceOrientationPortraitUpsideDown UIInterfaceOrientationLandscapeLeft UIInterfaceOrientationLandscapeRight";
				INFOPLIST_KEY_UISupportedInterfaceOrientations_iPhone = "UIInterfaceOrientationPortrait UIInterfaceOrientationLandscapeLeft UIInterfaceOrientationLandscapeRight";
				IPHONEOS_DEPLOYMENT_TARGET = 13.0;
				LD_RUNPATH_SEARCH_PATHS = (
					"$(inherited)",
					"@executable_path/Frameworks",
				);
				MARKETING_VERSION = 1.0;
				PRODUCT_BUNDLE_IDENTIFIER = noone.DeliveryFood2022;
				PRODUCT_NAME = "$(TARGET_NAME)";
				SWIFT_EMIT_LOC_STRINGS = YES;
				SWIFT_VERSION = 5.0;
				TARGETED_DEVICE_FAMILY = "1,2";
			};
			name = Debug;
		};
		5447EA0028C61C5A00B2F06D /* Release */ = {
			isa = XCBuildConfiguration;
			baseConfigurationReference = 514726509826385CFCCD884A /* Pods-DeliveryFood2022.release.xcconfig */;
			buildSettings = {
				ASSETCATALOG_COMPILER_APPICON_NAME = AppIcon;
				ASSETCATALOG_COMPILER_GLOBAL_ACCENT_COLOR_NAME = AccentColor;
				CODE_SIGN_STYLE = Automatic;
				CURRENT_PROJECT_VERSION = 1;
				GENERATE_INFOPLIST_FILE = YES;
				INFOPLIST_FILE = DeliveryFood2022/Applications/Info.plist;
				INFOPLIST_KEY_UIApplicationSupportsIndirectInputEvents = YES;
				INFOPLIST_KEY_UILaunchStoryboardName = LaunchScreen;
				INFOPLIST_KEY_UISupportedInterfaceOrientations_iPad = "UIInterfaceOrientationPortrait UIInterfaceOrientationPortraitUpsideDown UIInterfaceOrientationLandscapeLeft UIInterfaceOrientationLandscapeRight";
				INFOPLIST_KEY_UISupportedInterfaceOrientations_iPhone = "UIInterfaceOrientationPortrait UIInterfaceOrientationLandscapeLeft UIInterfaceOrientationLandscapeRight";
				IPHONEOS_DEPLOYMENT_TARGET = 13.0;
				LD_RUNPATH_SEARCH_PATHS = (
					"$(inherited)",
					"@executable_path/Frameworks",
				);
				MARKETING_VERSION = 1.0;
				PRODUCT_BUNDLE_IDENTIFIER = noone.DeliveryFood2022;
				PRODUCT_NAME = "$(TARGET_NAME)";
				SWIFT_EMIT_LOC_STRINGS = YES;
				SWIFT_VERSION = 5.0;
				TARGETED_DEVICE_FAMILY = "1,2";
			};
			name = Release;
		};
		5447EA0228C61C5A00B2F06D /* Debug */ = {
			isa = XCBuildConfiguration;
			baseConfigurationReference = B351CDF9D9C6A9BA889F6D74 /* Pods-DeliveryFood2022Tests.debug.xcconfig */;
			buildSettings = {
				ALWAYS_EMBED_SWIFT_STANDARD_LIBRARIES = YES;
				BUNDLE_LOADER = "$(TEST_HOST)";
				CODE_SIGN_STYLE = Automatic;
				CURRENT_PROJECT_VERSION = 1;
				GENERATE_INFOPLIST_FILE = YES;
				IPHONEOS_DEPLOYMENT_TARGET = 15.0;
				LD_RUNPATH_SEARCH_PATHS = (
					"$(inherited)",
					"@executable_path/Frameworks",
					"@loader_path/Frameworks",
				);
				MARKETING_VERSION = 1.0;
				PRODUCT_BUNDLE_IDENTIFIER = noone.DeliveryFood2022Tests;
				PRODUCT_NAME = "$(TARGET_NAME)";
				SWIFT_EMIT_LOC_STRINGS = NO;
				SWIFT_VERSION = 5.0;
				TARGETED_DEVICE_FAMILY = "1,2";
				TEST_HOST = "$(BUILT_PRODUCTS_DIR)/DeliveryFood2022.app/DeliveryFood2022";
			};
			name = Debug;
		};
		5447EA0328C61C5A00B2F06D /* Release */ = {
			isa = XCBuildConfiguration;
			baseConfigurationReference = 7BD6B90697C98E0C5715DCED /* Pods-DeliveryFood2022Tests.release.xcconfig */;
			buildSettings = {
				ALWAYS_EMBED_SWIFT_STANDARD_LIBRARIES = YES;
				BUNDLE_LOADER = "$(TEST_HOST)";
				CODE_SIGN_STYLE = Automatic;
				CURRENT_PROJECT_VERSION = 1;
				GENERATE_INFOPLIST_FILE = YES;
				IPHONEOS_DEPLOYMENT_TARGET = 15.0;
				LD_RUNPATH_SEARCH_PATHS = (
					"$(inherited)",
					"@executable_path/Frameworks",
					"@loader_path/Frameworks",
				);
				MARKETING_VERSION = 1.0;
				PRODUCT_BUNDLE_IDENTIFIER = noone.DeliveryFood2022Tests;
				PRODUCT_NAME = "$(TARGET_NAME)";
				SWIFT_EMIT_LOC_STRINGS = NO;
				SWIFT_VERSION = 5.0;
				TARGETED_DEVICE_FAMILY = "1,2";
				TEST_HOST = "$(BUILT_PRODUCTS_DIR)/DeliveryFood2022.app/DeliveryFood2022";
			};
			name = Release;
		};
		5447EA0528C61C5A00B2F06D /* Debug */ = {
			isa = XCBuildConfiguration;
			baseConfigurationReference = DF5D3DE02185B5120A4ECE6E /* Pods-DeliveryFood2022UITests.debug.xcconfig */;
			buildSettings = {
				ALWAYS_EMBED_SWIFT_STANDARD_LIBRARIES = YES;
				CODE_SIGN_STYLE = Automatic;
				CURRENT_PROJECT_VERSION = 1;
				GENERATE_INFOPLIST_FILE = YES;
				LD_RUNPATH_SEARCH_PATHS = (
					"$(inherited)",
					"@executable_path/Frameworks",
					"@loader_path/Frameworks",
				);
				MARKETING_VERSION = 1.0;
				PRODUCT_BUNDLE_IDENTIFIER = noone.DeliveryFood2022UITests;
				PRODUCT_NAME = "$(TARGET_NAME)";
				SWIFT_EMIT_LOC_STRINGS = NO;
				SWIFT_VERSION = 5.0;
				TARGETED_DEVICE_FAMILY = "1,2";
				TEST_TARGET_NAME = DeliveryFood2022;
			};
			name = Debug;
		};
		5447EA0628C61C5A00B2F06D /* Release */ = {
			isa = XCBuildConfiguration;
			baseConfigurationReference = F111C495AFF522B160A34B03 /* Pods-DeliveryFood2022UITests.release.xcconfig */;
			buildSettings = {
				ALWAYS_EMBED_SWIFT_STANDARD_LIBRARIES = YES;
				CODE_SIGN_STYLE = Automatic;
				CURRENT_PROJECT_VERSION = 1;
				GENERATE_INFOPLIST_FILE = YES;
				LD_RUNPATH_SEARCH_PATHS = (
					"$(inherited)",
					"@executable_path/Frameworks",
					"@loader_path/Frameworks",
				);
				MARKETING_VERSION = 1.0;
				PRODUCT_BUNDLE_IDENTIFIER = noone.DeliveryFood2022UITests;
				PRODUCT_NAME = "$(TARGET_NAME)";
				SWIFT_EMIT_LOC_STRINGS = NO;
				SWIFT_VERSION = 5.0;
				TARGETED_DEVICE_FAMILY = "1,2";
				TEST_TARGET_NAME = DeliveryFood2022;
			};
			name = Release;
		};
/* End XCBuildConfiguration section */

/* Begin XCConfigurationList section */
		5447E9CF28C61C5700B2F06D /* Build configuration list for PBXProject "DeliveryFood2022" */ = {
			isa = XCConfigurationList;
			buildConfigurations = (
				5447E9FC28C61C5A00B2F06D /* Debug */,
				5447E9FD28C61C5A00B2F06D /* Release */,
			);
			defaultConfigurationIsVisible = 0;
			defaultConfigurationName = Release;
		};
		5447E9FE28C61C5A00B2F06D /* Build configuration list for PBXNativeTarget "DeliveryFood2022" */ = {
			isa = XCConfigurationList;
			buildConfigurations = (
				5447E9FF28C61C5A00B2F06D /* Debug */,
				5447EA0028C61C5A00B2F06D /* Release */,
			);
			defaultConfigurationIsVisible = 0;
			defaultConfigurationName = Release;
		};
		5447EA0128C61C5A00B2F06D /* Build configuration list for PBXNativeTarget "DeliveryFood2022Tests" */ = {
			isa = XCConfigurationList;
			buildConfigurations = (
				5447EA0228C61C5A00B2F06D /* Debug */,
				5447EA0328C61C5A00B2F06D /* Release */,
			);
			defaultConfigurationIsVisible = 0;
			defaultConfigurationName = Release;
		};
		5447EA0428C61C5A00B2F06D /* Build configuration list for PBXNativeTarget "DeliveryFood2022UITests" */ = {
			isa = XCConfigurationList;
			buildConfigurations = (
				5447EA0528C61C5A00B2F06D /* Debug */,
				5447EA0628C61C5A00B2F06D /* Release */,
			);
			defaultConfigurationIsVisible = 0;
			defaultConfigurationName = Release;
		};
/* End XCConfigurationList section */
	};
	rootObject = 5447E9CC28C61C5700B2F06D /* Project object */;
}
