// !$*UTF8*$!
{
	archiveVersion = 1;
	classes = {
	};
	objectVersion = 55;
	objects = {

/* Begin PBXBuildFile section */
		262566B98A9DF97E28D210C3 /* libPods-DeliveryFood2022UITests.a in Frameworks */ = {isa = PBXBuildFile; fileRef = 215DC8914962F5186E6103E4 /* libPods-DeliveryFood2022UITests.a */; };
		541CCC9428D1D8A300BC272E /* DeliveryCell.swift in Sources */ = {isa = PBXBuildFile; fileRef = 541CCC9328D1D8A300BC272E /* DeliveryCell.swift */; };
		541CCC9628D1DA6400BC272E /* UIColor.swift in Sources */ = {isa = PBXBuildFile; fileRef = 541CCC9528D1DA6400BC272E /* UIColor.swift */; };
		5447E9D828C61C5700B2F06D /* AppDelegate.swift in Sources */ = {isa = PBXBuildFile; fileRef = 5447E9D728C61C5700B2F06D /* AppDelegate.swift */; };
		5447E9DA28C61C5700B2F06D /* SceneDelegate.swift in Sources */ = {isa = PBXBuildFile; fileRef = 5447E9D928C61C5700B2F06D /* SceneDelegate.swift */; };
		5447E9DC28C61C5700B2F06D /* CatalogViewController.swift in Sources */ = {isa = PBXBuildFile; fileRef = 5447E9DB28C61C5700B2F06D /* CatalogViewController.swift */; };
		5447E9E128C61C5900B2F06D /* Assets.xcassets in Resources */ = {isa = PBXBuildFile; fileRef = 5447E9E028C61C5900B2F06D /* Assets.xcassets */; };
		5447E9E428C61C5900B2F06D /* LaunchScreen.storyboard in Resources */ = {isa = PBXBuildFile; fileRef = 5447E9E228C61C5900B2F06D /* LaunchScreen.storyboard */; };
		5447E9EF28C61C5A00B2F06D /* DeliveryFood2022Tests.swift in Sources */ = {isa = PBXBuildFile; fileRef = 5447E9EE28C61C5A00B2F06D /* DeliveryFood2022Tests.swift */; };
		5447E9F928C61C5A00B2F06D /* DeliveryFood2022UITests.swift in Sources */ = {isa = PBXBuildFile; fileRef = 5447E9F828C61C5A00B2F06D /* DeliveryFood2022UITests.swift */; };
		5447E9FB28C61C5A00B2F06D /* DeliveryFood2022UITestsLaunchTests.swift in Sources */ = {isa = PBXBuildFile; fileRef = 5447E9FA28C61C5A00B2F06D /* DeliveryFood2022UITestsLaunchTests.swift */; };
		5447EA1628CA1AC700B2F06D /* SectionType.swift in Sources */ = {isa = PBXBuildFile; fileRef = 5447EA1528CA1AC700B2F06D /* SectionType.swift */; };
		5447EA1828CA1ADD00B2F06D /* Row.swift in Sources */ = {isa = PBXBuildFile; fileRef = 5447EA1728CA1ADD00B2F06D /* Row.swift */; };
		5447EA1A28CA1B2E00B2F06D /* SectionViewModel.swift in Sources */ = {isa = PBXBuildFile; fileRef = 5447EA1928CA1B2E00B2F06D /* SectionViewModel.swift */; };
		5447EA1C28CA1C3D00B2F06D /* CatalogPresenter.swift in Sources */ = {isa = PBXBuildFile; fileRef = 5447EA1B28CA1C3D00B2F06D /* CatalogPresenter.swift */; };
		5447EA1F28CB397900B2F06D /* SalesCell.swift in Sources */ = {isa = PBXBuildFile; fileRef = 5447EA1E28CB397900B2F06D /* SalesCell.swift */; };
		5447EA2328CB406300B2F06D /* UIView.swift in Sources */ = {isa = PBXBuildFile; fileRef = 5447EA2228CB406300B2F06D /* UIView.swift */; };
		5447EA2528CB40A900B2F06D /* UiTableViewCell.swift in Sources */ = {isa = PBXBuildFile; fileRef = 5447EA2428CB40A900B2F06D /* UiTableViewCell.swift */; };
		5447EA2728CB40D800B2F06D /* UITableView.swift in Sources */ = {isa = PBXBuildFile; fileRef = 5447EA2628CB40D800B2F06D /* UITableView.swift */; };
		5447EA2A28CB5E1800B2F06D /* SaleModel.swift in Sources */ = {isa = PBXBuildFile; fileRef = 5447EA2928CB5E1700B2F06D /* SaleModel.swift */; };
		5480471528D739730062845B /* Label.swift in Sources */ = {isa = PBXBuildFile; fileRef = 5480471428D739730062845B /* Label.swift */; };
		5480471728D73AA40062845B /* TitleLabel16.swift in Sources */ = {isa = PBXBuildFile; fileRef = 5480471628D73AA40062845B /* TitleLabel16.swift */; };
		5480471928D73D970062845B /* DescriptionLabel14.swift in Sources */ = {isa = PBXBuildFile; fileRef = 5480471828D73D970062845B /* DescriptionLabel14.swift */; };
		5480471B28D73E510062845B /* WhiteLabelRubikMedium14.swift in Sources */ = {isa = PBXBuildFile; fileRef = 5480471A28D73E510062845B /* WhiteLabelRubikMedium14.swift */; };
		5480471E28D9C0A50062845B /* SalesImageCell.swift in Sources */ = {isa = PBXBuildFile; fileRef = 5480471D28D9C0A50062845B /* SalesImageCell.swift */; };
		548B5F9428D35F6B0027236D /* MenuElementsModel.swift in Sources */ = {isa = PBXBuildFile; fileRef = 548B5F9328D35F6B0027236D /* MenuElementsModel.swift */; };
		548B5F9728D470950027236D /* MenuItemCell.swift in Sources */ = {isa = PBXBuildFile; fileRef = 548B5F9628D470950027236D /* MenuItemCell.swift */; };
		548B5F9928D477300027236D /* Archive.otf in Resources */ = {isa = PBXBuildFile; fileRef = 548B5F9828D477300027236D /* Archive.otf */; };
		548B5F9B28D4AD910027236D /* MenuItemsModel.swift in Sources */ = {isa = PBXBuildFile; fileRef = 548B5F9A28D4AD910027236D /* MenuItemsModel.swift */; };
		54ACDB8428D319BC00392470 /* Rubik-Medium.ttf in Resources */ = {isa = PBXBuildFile; fileRef = 54ACDB8328D319BC00392470 /* Rubik-Medium.ttf */; };
		54ACDB8628D319D100392470 /* Rubik-Regular.ttf in Resources */ = {isa = PBXBuildFile; fileRef = 54ACDB8528D319D100392470 /* Rubik-Regular.ttf */; };
		54ACDB8A28D319F000392470 /* Snowstorm Light.otf in Resources */ = {isa = PBXBuildFile; fileRef = 54ACDB8728D319EF00392470 /* Snowstorm Light.otf */; };
		54ACDB8B28D319F000392470 /* Snowstorm.otf in Resources */ = {isa = PBXBuildFile; fileRef = 54ACDB8828D319F000392470 /* Snowstorm.otf */; };
		54ACDB8C28D319F000392470 /* Snowstorm Bold.otf in Resources */ = {isa = PBXBuildFile; fileRef = 54ACDB8928D319F000392470 /* Snowstorm Bold.otf */; };
		54ACDB8F28D3347500392470 /* MenuElementsCell.swift in Sources */ = {isa = PBXBuildFile; fileRef = 54ACDB8E28D3347500392470 /* MenuElementsCell.swift */; };
		54ACDB9228D3381D00392470 /* MenuLabelCell.swift in Sources */ = {isa = PBXBuildFile; fileRef = 54ACDB9128D3381C00392470 /* MenuLabelCell.swift */; };
		84EDF6DDF3F3741ECB5605B8 /* libPods-DeliveryFood2022Tests.a in Frameworks */ = {isa = PBXBuildFile; fileRef = FDB3845BC399FB50FB25710B /* libPods-DeliveryFood2022Tests.a */; };
		F231B1AECDEE0C8F14947D3A /* Pods_DeliveryFood2022.framework in Frameworks */ = {isa = PBXBuildFile; fileRef = EBD907406FFA80C89C289423 /* Pods_DeliveryFood2022.framework */; };
/* End PBXBuildFile section */

/* Begin PBXContainerItemProxy section */
		5447E9EB28C61C5A00B2F06D /* PBXContainerItemProxy */ = {
			isa = PBXContainerItemProxy;
			containerPortal = 5447E9CC28C61C5700B2F06D /* Project object */;
			proxyType = 1;
			remoteGlobalIDString = 5447E9D328C61C5700B2F06D;
			remoteInfo = DeliveryFood2022;
		};
		5447E9F528C61C5A00B2F06D /* PBXContainerItemProxy */ = {
			isa = PBXContainerItemProxy;
			containerPortal = 5447E9CC28C61C5700B2F06D /* Project object */;
			proxyType = 1;
			remoteGlobalIDString = 5447E9D328C61C5700B2F06D;
			remoteInfo = DeliveryFood2022;
		};
/* End PBXContainerItemProxy section */

/* Begin PBXFileReference section */
		17DB51814F74312E8CA42C5F /* Pods-DeliveryFood2022-DeliveryFood2022UITests.debug.xcconfig */ = {isa = PBXFileReference; includeInIndex = 1; lastKnownFileType = text.xcconfig; name = "Pods-DeliveryFood2022-DeliveryFood2022UITests.debug.xcconfig"; path = "Target Support Files/Pods-DeliveryFood2022-DeliveryFood2022UITests/Pods-DeliveryFood2022-DeliveryFood2022UITests.debug.xcconfig"; sourceTree = "<group>"; };
		215DC8914962F5186E6103E4 /* libPods-DeliveryFood2022UITests.a */ = {isa = PBXFileReference; explicitFileType = archive.ar; includeInIndex = 0; path = "libPods-DeliveryFood2022UITests.a"; sourceTree = BUILT_PRODUCTS_DIR; };
		541CCC9328D1D8A300BC272E /* DeliveryCell.swift */ = {isa = PBXFileReference; lastKnownFileType = sourcecode.swift; path = DeliveryCell.swift; sourceTree = "<group>"; };
		541CCC9528D1DA6400BC272E /* UIColor.swift */ = {isa = PBXFileReference; lastKnownFileType = sourcecode.swift; path = UIColor.swift; sourceTree = "<group>"; };
		5447E9D428C61C5700B2F06D /* DeliveryFood2022.app */ = {isa = PBXFileReference; explicitFileType = wrapper.application; includeInIndex = 0; path = DeliveryFood2022.app; sourceTree = BUILT_PRODUCTS_DIR; };
		5447E9D728C61C5700B2F06D /* AppDelegate.swift */ = {isa = PBXFileReference; lastKnownFileType = sourcecode.swift; path = AppDelegate.swift; sourceTree = "<group>"; };
		5447E9D928C61C5700B2F06D /* SceneDelegate.swift */ = {isa = PBXFileReference; lastKnownFileType = sourcecode.swift; path = SceneDelegate.swift; sourceTree = "<group>"; };
		5447E9DB28C61C5700B2F06D /* CatalogViewController.swift */ = {isa = PBXFileReference; lastKnownFileType = sourcecode.swift; path = CatalogViewController.swift; sourceTree = "<group>"; };
		5447E9E028C61C5900B2F06D /* Assets.xcassets */ = {isa = PBXFileReference; lastKnownFileType = folder.assetcatalog; path = Assets.xcassets; sourceTree = "<group>"; };
		5447E9E328C61C5900B2F06D /* Base */ = {isa = PBXFileReference; lastKnownFileType = file.storyboard; name = Base; path = Base.lproj/LaunchScreen.storyboard; sourceTree = "<group>"; };
		5447E9E528C61C5900B2F06D /* Info.plist */ = {isa = PBXFileReference; lastKnownFileType = text.plist.xml; path = Info.plist; sourceTree = "<group>"; };
		5447E9EA28C61C5A00B2F06D /* DeliveryFood2022Tests.xctest */ = {isa = PBXFileReference; explicitFileType = wrapper.cfbundle; includeInIndex = 0; path = DeliveryFood2022Tests.xctest; sourceTree = BUILT_PRODUCTS_DIR; };
		5447E9EE28C61C5A00B2F06D /* DeliveryFood2022Tests.swift */ = {isa = PBXFileReference; lastKnownFileType = sourcecode.swift; path = DeliveryFood2022Tests.swift; sourceTree = "<group>"; };
		5447E9F428C61C5A00B2F06D /* DeliveryFood2022UITests.xctest */ = {isa = PBXFileReference; explicitFileType = wrapper.cfbundle; includeInIndex = 0; path = DeliveryFood2022UITests.xctest; sourceTree = BUILT_PRODUCTS_DIR; };
		5447E9F828C61C5A00B2F06D /* DeliveryFood2022UITests.swift */ = {isa = PBXFileReference; lastKnownFileType = sourcecode.swift; path = DeliveryFood2022UITests.swift; sourceTree = "<group>"; };
		5447E9FA28C61C5A00B2F06D /* DeliveryFood2022UITestsLaunchTests.swift */ = {isa = PBXFileReference; lastKnownFileType = sourcecode.swift; path = DeliveryFood2022UITestsLaunchTests.swift; sourceTree = "<group>"; };
		5447EA1528CA1AC700B2F06D /* SectionType.swift */ = {isa = PBXFileReference; lastKnownFileType = sourcecode.swift; path = SectionType.swift; sourceTree = "<group>"; };
		5447EA1728CA1ADD00B2F06D /* Row.swift */ = {isa = PBXFileReference; lastKnownFileType = sourcecode.swift; path = Row.swift; sourceTree = "<group>"; };
		5447EA1928CA1B2E00B2F06D /* SectionViewModel.swift */ = {isa = PBXFileReference; lastKnownFileType = sourcecode.swift; path = SectionViewModel.swift; sourceTree = "<group>"; };
		5447EA1B28CA1C3D00B2F06D /* CatalogPresenter.swift */ = {isa = PBXFileReference; lastKnownFileType = sourcecode.swift; path = CatalogPresenter.swift; sourceTree = "<group>"; };
		5447EA1E28CB397900B2F06D /* SalesCell.swift */ = {isa = PBXFileReference; lastKnownFileType = sourcecode.swift; path = SalesCell.swift; sourceTree = "<group>"; };
		5447EA2228CB406300B2F06D /* UIView.swift */ = {isa = PBXFileReference; lastKnownFileType = sourcecode.swift; path = UIView.swift; sourceTree = "<group>"; };
		5447EA2428CB40A900B2F06D /* UiTableViewCell.swift */ = {isa = PBXFileReference; lastKnownFileType = sourcecode.swift; path = UiTableViewCell.swift; sourceTree = "<group>"; };
		5447EA2628CB40D800B2F06D /* UITableView.swift */ = {isa = PBXFileReference; lastKnownFileType = sourcecode.swift; path = UITableView.swift; sourceTree = "<group>"; };
		5447EA2928CB5E1700B2F06D /* SaleModel.swift */ = {isa = PBXFileReference; lastKnownFileType = sourcecode.swift; path = SaleModel.swift; sourceTree = "<group>"; };
		5480471428D739730062845B /* Label.swift */ = {isa = PBXFileReference; lastKnownFileType = sourcecode.swift; path = Label.swift; sourceTree = "<group>"; };
		5480471628D73AA40062845B /* TitleLabel16.swift */ = {isa = PBXFileReference; lastKnownFileType = sourcecode.swift; path = TitleLabel16.swift; sourceTree = "<group>"; };
		5480471828D73D970062845B /* DescriptionLabel14.swift */ = {isa = PBXFileReference; lastKnownFileType = sourcecode.swift; path = DescriptionLabel14.swift; sourceTree = "<group>"; };
		5480471A28D73E510062845B /* WhiteLabelRubikMedium14.swift */ = {isa = PBXFileReference; lastKnownFileType = sourcecode.swift; path = WhiteLabelRubikMedium14.swift; sourceTree = "<group>"; };
		5480471D28D9C0A50062845B /* SalesImageCell.swift */ = {isa = PBXFileReference; lastKnownFileType = sourcecode.swift; path = SalesImageCell.swift; sourceTree = "<group>"; };
		548B5F9328D35F6B0027236D /* MenuElementsModel.swift */ = {isa = PBXFileReference; lastKnownFileType = sourcecode.swift; path = MenuElementsModel.swift; sourceTree = "<group>"; };
		548B5F9628D470950027236D /* MenuItemCell.swift */ = {isa = PBXFileReference; lastKnownFileType = sourcecode.swift; path = MenuItemCell.swift; sourceTree = "<group>"; };
		548B5F9828D477300027236D /* Archive.otf */ = {isa = PBXFileReference; lastKnownFileType = file; path = Archive.otf; sourceTree = "<group>"; };
		548B5F9A28D4AD910027236D /* MenuItemsModel.swift */ = {isa = PBXFileReference; lastKnownFileType = sourcecode.swift; path = MenuItemsModel.swift; sourceTree = "<group>"; };
		54ACDB8328D319BC00392470 /* Rubik-Medium.ttf */ = {isa = PBXFileReference; lastKnownFileType = file; path = "Rubik-Medium.ttf"; sourceTree = "<group>"; };
		54ACDB8528D319D100392470 /* Rubik-Regular.ttf */ = {isa = PBXFileReference; lastKnownFileType = file; path = "Rubik-Regular.ttf"; sourceTree = "<group>"; };
		54ACDB8728D319EF00392470 /* Snowstorm Light.otf */ = {isa = PBXFileReference; lastKnownFileType = file; path = "Snowstorm Light.otf"; sourceTree = "<group>"; };
		54ACDB8828D319F000392470 /* Snowstorm.otf */ = {isa = PBXFileReference; lastKnownFileType = file; path = Snowstorm.otf; sourceTree = "<group>"; };
		54ACDB8928D319F000392470 /* Snowstorm Bold.otf */ = {isa = PBXFileReference; lastKnownFileType = file; path = "Snowstorm Bold.otf"; sourceTree = "<group>"; };
		54ACDB8E28D3347500392470 /* MenuElementsCell.swift */ = {isa = PBXFileReference; lastKnownFileType = sourcecode.swift; path = MenuElementsCell.swift; sourceTree = "<group>"; };
		54ACDB9128D3381C00392470 /* MenuLabelCell.swift */ = {isa = PBXFileReference; lastKnownFileType = sourcecode.swift; path = MenuLabelCell.swift; sourceTree = "<group>"; };
		59CEB0C8FFDFFE8E5AC6DDB0 /* Pods-DeliveryFood2022UITests.release.xcconfig */ = {isa = PBXFileReference; includeInIndex = 1; lastKnownFileType = text.xcconfig; name = "Pods-DeliveryFood2022UITests.release.xcconfig"; path = "Target Support Files/Pods-DeliveryFood2022UITests/Pods-DeliveryFood2022UITests.release.xcconfig"; sourceTree = "<group>"; };
		A1C726DDAC272BC782CFF7B2 /* Pods-DeliveryFood2022Tests.debug.xcconfig */ = {isa = PBXFileReference; includeInIndex = 1; lastKnownFileType = text.xcconfig; name = "Pods-DeliveryFood2022Tests.debug.xcconfig"; path = "Target Support Files/Pods-DeliveryFood2022Tests/Pods-DeliveryFood2022Tests.debug.xcconfig"; sourceTree = "<group>"; };
		A597F35383B6CBCDC40C1ED0 /* Pods-DeliveryFood2022-DeliveryFood2022UITests.release.xcconfig */ = {isa = PBXFileReference; includeInIndex = 1; lastKnownFileType = text.xcconfig; name = "Pods-DeliveryFood2022-DeliveryFood2022UITests.release.xcconfig"; path = "Target Support Files/Pods-DeliveryFood2022-DeliveryFood2022UITests/Pods-DeliveryFood2022-DeliveryFood2022UITests.release.xcconfig"; sourceTree = "<group>"; };
		D2A9451653C8DB6ED51D520B /* Pods-DeliveryFood2022.release.xcconfig */ = {isa = PBXFileReference; includeInIndex = 1; lastKnownFileType = text.xcconfig; name = "Pods-DeliveryFood2022.release.xcconfig"; path = "Target Support Files/Pods-DeliveryFood2022/Pods-DeliveryFood2022.release.xcconfig"; sourceTree = "<group>"; };
		E96EA4469C9FAC6BE6612BD3 /* Pods-DeliveryFood2022Tests.release.xcconfig */ = {isa = PBXFileReference; includeInIndex = 1; lastKnownFileType = text.xcconfig; name = "Pods-DeliveryFood2022Tests.release.xcconfig"; path = "Target Support Files/Pods-DeliveryFood2022Tests/Pods-DeliveryFood2022Tests.release.xcconfig"; sourceTree = "<group>"; };
		EBD907406FFA80C89C289423 /* Pods_DeliveryFood2022.framework */ = {isa = PBXFileReference; explicitFileType = wrapper.framework; includeInIndex = 0; path = Pods_DeliveryFood2022.framework; sourceTree = BUILT_PRODUCTS_DIR; };
		F173BD46508F60817AB1A106 /* Pods-DeliveryFood2022.debug.xcconfig */ = {isa = PBXFileReference; includeInIndex = 1; lastKnownFileType = text.xcconfig; name = "Pods-DeliveryFood2022.debug.xcconfig"; path = "Target Support Files/Pods-DeliveryFood2022/Pods-DeliveryFood2022.debug.xcconfig"; sourceTree = "<group>"; };
		FAE9E910EBFB4829BF34D256 /* Pods-DeliveryFood2022UITests.debug.xcconfig */ = {isa = PBXFileReference; includeInIndex = 1; lastKnownFileType = text.xcconfig; name = "Pods-DeliveryFood2022UITests.debug.xcconfig"; path = "Target Support Files/Pods-DeliveryFood2022UITests/Pods-DeliveryFood2022UITests.debug.xcconfig"; sourceTree = "<group>"; };
		FDB3845BC399FB50FB25710B /* libPods-DeliveryFood2022Tests.a */ = {isa = PBXFileReference; explicitFileType = archive.ar; includeInIndex = 0; path = "libPods-DeliveryFood2022Tests.a"; sourceTree = BUILT_PRODUCTS_DIR; };
/* End PBXFileReference section */

/* Begin PBXFrameworksBuildPhase section */
		5447E9D128C61C5700B2F06D /* Frameworks */ = {
			isa = PBXFrameworksBuildPhase;
			buildActionMask = 2147483647;
			files = (
				F231B1AECDEE0C8F14947D3A /* Pods_DeliveryFood2022.framework in Frameworks */,
			);
			runOnlyForDeploymentPostprocessing = 0;
		};
		5447E9E728C61C5A00B2F06D /* Frameworks */ = {
			isa = PBXFrameworksBuildPhase;
			buildActionMask = 2147483647;
			files = (
				84EDF6DDF3F3741ECB5605B8 /* libPods-DeliveryFood2022Tests.a in Frameworks */,
			);
			runOnlyForDeploymentPostprocessing = 0;
		};
		5447E9F128C61C5A00B2F06D /* Frameworks */ = {
			isa = PBXFrameworksBuildPhase;
			buildActionMask = 2147483647;
			files = (
				262566B98A9DF97E28D210C3 /* libPods-DeliveryFood2022UITests.a in Frameworks */,
			);
			runOnlyForDeploymentPostprocessing = 0;
		};
/* End PBXFrameworksBuildPhase section */

/* Begin PBXGroup section */
		541CCC9228D1D88700BC272E /* DeliveryCell */ = {
			isa = PBXGroup;
			children = (
				541CCC9328D1D8A300BC272E /* DeliveryCell.swift */,
			);
			path = DeliveryCell;
			sourceTree = "<group>";
		};
		541CCC9828D20C8100BC272E /* Fonts */ = {
			isa = PBXGroup;
			children = (
				54ACDB8528D319D100392470 /* Rubik-Regular.ttf */,
				548B5F9828D477300027236D /* Archive.otf */,
				54ACDB8928D319F000392470 /* Snowstorm Bold.otf */,
				54ACDB8728D319EF00392470 /* Snowstorm Light.otf */,
				54ACDB8828D319F000392470 /* Snowstorm.otf */,
				54ACDB8328D319BC00392470 /* Rubik-Medium.ttf */,
			);
			path = Fonts;
			sourceTree = "<group>";
		};
		5447E9CB28C61C5700B2F06D = {
			isa = PBXGroup;
			children = (
				5447E9D628C61C5700B2F06D /* DeliveryFood2022 */,
				5447E9ED28C61C5A00B2F06D /* DeliveryFood2022Tests */,
				5447E9F728C61C5A00B2F06D /* DeliveryFood2022UITests */,
				5447E9D528C61C5700B2F06D /* Products */,
				788EFE476D31042EF137E3A7 /* Pods */,
				6A6B95A680EBAC3C32C80D20 /* Frameworks */,
			);
			sourceTree = "<group>";
		};
		5447E9D528C61C5700B2F06D /* Products */ = {
			isa = PBXGroup;
			children = (
				5447E9D428C61C5700B2F06D /* DeliveryFood2022.app */,
				5447E9EA28C61C5A00B2F06D /* DeliveryFood2022Tests.xctest */,
				5447E9F428C61C5A00B2F06D /* DeliveryFood2022UITests.xctest */,
			);
			name = Products;
			sourceTree = "<group>";
		};
		5447E9D628C61C5700B2F06D /* DeliveryFood2022 */ = {
			isa = PBXGroup;
			children = (
				5447EA1228CA1A8800B2F06D /* Modules */,
				5480471228D739560062845B /* Common */,
				5447EA1028CA1A4200B2F06D /* Applications */,
			);
			path = DeliveryFood2022;
			sourceTree = "<group>";
		};
		5447E9ED28C61C5A00B2F06D /* DeliveryFood2022Tests */ = {
			isa = PBXGroup;
			children = (
				5447E9EE28C61C5A00B2F06D /* DeliveryFood2022Tests.swift */,
			);
			path = DeliveryFood2022Tests;
			sourceTree = "<group>";
		};
		5447E9F728C61C5A00B2F06D /* DeliveryFood2022UITests */ = {
			isa = PBXGroup;
			children = (
				5447E9F828C61C5A00B2F06D /* DeliveryFood2022UITests.swift */,
				5447E9FA28C61C5A00B2F06D /* DeliveryFood2022UITestsLaunchTests.swift */,
			);
			path = DeliveryFood2022UITests;
			sourceTree = "<group>";
		};
		5447EA1028CA1A4200B2F06D /* Applications */ = {
			isa = PBXGroup;
			children = (
				5447E9D728C61C5700B2F06D /* AppDelegate.swift */,
				5447E9D928C61C5700B2F06D /* SceneDelegate.swift */,
				5447E9E028C61C5900B2F06D /* Assets.xcassets */,
				5447E9E228C61C5900B2F06D /* LaunchScreen.storyboard */,
				5447E9E528C61C5900B2F06D /* Info.plist */,
			);
			path = Applications;
			sourceTree = "<group>";
		};
		5447EA1128CA1A7F00B2F06D /* Catalog */ = {
			isa = PBXGroup;
			children = (
				5447EA1D28CB395A00B2F06D /* Cells */,
				5447EA1428CA1AAE00B2F06D /* Models */,
				5447EA1328CA1AA500B2F06D /* Entities */,
				5447E9DB28C61C5700B2F06D /* CatalogViewController.swift */,
				5447EA1B28CA1C3D00B2F06D /* CatalogPresenter.swift */,
			);
			path = Catalog;
			sourceTree = "<group>";
		};
		5447EA1228CA1A8800B2F06D /* Modules */ = {
			isa = PBXGroup;
			children = (
				5447EA1128CA1A7F00B2F06D /* Catalog */,
			);
			path = Modules;
			sourceTree = "<group>";
		};
		5447EA1328CA1AA500B2F06D /* Entities */ = {
			isa = PBXGroup;
			children = (
				5447EA1528CA1AC700B2F06D /* SectionType.swift */,
				5447EA1728CA1ADD00B2F06D /* Row.swift */,
			);
			path = Entities;
			sourceTree = "<group>";
		};
		5447EA1428CA1AAE00B2F06D /* Models */ = {
			isa = PBXGroup;
			children = (
				5447EA2928CB5E1700B2F06D /* SaleModel.swift */,
				5447EA1928CA1B2E00B2F06D /* SectionViewModel.swift */,
				548B5F9328D35F6B0027236D /* MenuElementsModel.swift */,
				548B5F9A28D4AD910027236D /* MenuItemsModel.swift */,
			);
			path = Models;
			sourceTree = "<group>";
		};
		5447EA1D28CB395A00B2F06D /* Cells */ = {
			isa = PBXGroup;
			children = (
				5447EA2028CB3FD700B2F06D /* SalesCell */,
				541CCC9228D1D88700BC272E /* DeliveryCell */,
				54ACDB8D28D3345500392470 /* MenuElementsCell */,
				548B5F9528D4707E0027236D /* MenuItemCell */,
			);
			path = Cells;
			sourceTree = "<group>";
		};
		5447EA2028CB3FD700B2F06D /* SalesCell */ = {
			isa = PBXGroup;
			children = (
				5480471C28D9C0800062845B /* SalesImageCell */,
				5447EA1E28CB397900B2F06D /* SalesCell.swift */,
			);
			path = SalesCell;
			sourceTree = "<group>";
		};
		5447EA2128CB402F00B2F06D /* Extensions */ = {
			isa = PBXGroup;
			children = (
				5447EA2228CB406300B2F06D /* UIView.swift */,
				5447EA2428CB40A900B2F06D /* UiTableViewCell.swift */,
				5447EA2628CB40D800B2F06D /* UITableView.swift */,
				541CCC9528D1DA6400BC272E /* UIColor.swift */,
			);
			path = Extensions;
			sourceTree = "<group>";
		};
		5480471228D739560062845B /* Common */ = {
			isa = PBXGroup;
			children = (
				5480471328D739670062845B /* Classes */,
				541CCC9828D20C8100BC272E /* Fonts */,
				5447EA2128CB402F00B2F06D /* Extensions */,
			);
			path = Common;
			sourceTree = "<group>";
		};
		5480471328D739670062845B /* Classes */ = {
			isa = PBXGroup;
			children = (
				5480471428D739730062845B /* Label.swift */,
				5480471628D73AA40062845B /* TitleLabel16.swift */,
				5480471828D73D970062845B /* DescriptionLabel14.swift */,
				5480471A28D73E510062845B /* WhiteLabelRubikMedium14.swift */,
			);
			path = Classes;
			sourceTree = "<group>";
		};
		5480471C28D9C0800062845B /* SalesImageCell */ = {
			isa = PBXGroup;
			children = (
				5480471D28D9C0A50062845B /* SalesImageCell.swift */,
			);
			path = SalesImageCell;
			sourceTree = "<group>";
		};
		548B5F9528D4707E0027236D /* MenuItemCell */ = {
			isa = PBXGroup;
			children = (
				548B5F9628D470950027236D /* MenuItemCell.swift */,
			);
			path = MenuItemCell;
			sourceTree = "<group>";
		};
		54ACDB8D28D3345500392470 /* MenuElementsCell */ = {
			isa = PBXGroup;
			children = (
				54ACDB9028D337D900392470 /* MenuLabelCell */,
				54ACDB8E28D3347500392470 /* MenuElementsCell.swift */,
			);
			path = MenuElementsCell;
			sourceTree = "<group>";
		};
		54ACDB9028D337D900392470 /* MenuLabelCell */ = {
			isa = PBXGroup;
			children = (
				54ACDB9128D3381C00392470 /* MenuLabelCell.swift */,
			);
			path = MenuLabelCell;
			sourceTree = "<group>";
		};
		6A6B95A680EBAC3C32C80D20 /* Frameworks */ = {
			isa = PBXGroup;
			children = (
				EBD907406FFA80C89C289423 /* Pods_DeliveryFood2022.framework */,
				FDB3845BC399FB50FB25710B /* libPods-DeliveryFood2022Tests.a */,
				215DC8914962F5186E6103E4 /* libPods-DeliveryFood2022UITests.a */,
			);
			name = Frameworks;
			sourceTree = "<group>";
		};
		788EFE476D31042EF137E3A7 /* Pods */ = {
			isa = PBXGroup;
			children = (
				F173BD46508F60817AB1A106 /* Pods-DeliveryFood2022.debug.xcconfig */,
				D2A9451653C8DB6ED51D520B /* Pods-DeliveryFood2022.release.xcconfig */,
				17DB51814F74312E8CA42C5F /* Pods-DeliveryFood2022-DeliveryFood2022UITests.debug.xcconfig */,
				A597F35383B6CBCDC40C1ED0 /* Pods-DeliveryFood2022-DeliveryFood2022UITests.release.xcconfig */,
				A1C726DDAC272BC782CFF7B2 /* Pods-DeliveryFood2022Tests.debug.xcconfig */,
				E96EA4469C9FAC6BE6612BD3 /* Pods-DeliveryFood2022Tests.release.xcconfig */,
				FAE9E910EBFB4829BF34D256 /* Pods-DeliveryFood2022UITests.debug.xcconfig */,
				59CEB0C8FFDFFE8E5AC6DDB0 /* Pods-DeliveryFood2022UITests.release.xcconfig */,
			);
			path = Pods;
			sourceTree = "<group>";
		};
/* End PBXGroup section */

/* Begin PBXNativeTarget section */
		5447E9D328C61C5700B2F06D /* DeliveryFood2022 */ = {
			isa = PBXNativeTarget;
			buildConfigurationList = 5447E9FE28C61C5A00B2F06D /* Build configuration list for PBXNativeTarget "DeliveryFood2022" */;
			buildPhases = (
				024C11D70A42ECB00A9337B3 /* [CP] Check Pods Manifest.lock */,
				5447E9D028C61C5700B2F06D /* Sources */,
				5447E9D128C61C5700B2F06D /* Frameworks */,
				5447E9D228C61C5700B2F06D /* Resources */,
				4C1FF0E829E0A6814C9B83E4 /* [CP] Embed Pods Frameworks */,
			);
			buildRules = (
			);
			dependencies = (
			);
			name = DeliveryFood2022;
			productName = DeliveryFood2022;
			productReference = 5447E9D428C61C5700B2F06D /* DeliveryFood2022.app */;
			productType = "com.apple.product-type.application";
		};
		5447E9E928C61C5A00B2F06D /* DeliveryFood2022Tests */ = {
			isa = PBXNativeTarget;
			buildConfigurationList = 5447EA0128C61C5A00B2F06D /* Build configuration list for PBXNativeTarget "DeliveryFood2022Tests" */;
			buildPhases = (
				533AC4C5E5CBD9C4E5A54253 /* [CP] Check Pods Manifest.lock */,
				5447E9E628C61C5A00B2F06D /* Sources */,
				5447E9E728C61C5A00B2F06D /* Frameworks */,
				5447E9E828C61C5A00B2F06D /* Resources */,
			);
			buildRules = (
			);
			dependencies = (
				5447E9EC28C61C5A00B2F06D /* PBXTargetDependency */,
			);
			name = DeliveryFood2022Tests;
			productName = DeliveryFood2022Tests;
			productReference = 5447E9EA28C61C5A00B2F06D /* DeliveryFood2022Tests.xctest */;
			productType = "com.apple.product-type.bundle.unit-test";
		};
		5447E9F328C61C5A00B2F06D /* DeliveryFood2022UITests */ = {
			isa = PBXNativeTarget;
			buildConfigurationList = 5447EA0428C61C5A00B2F06D /* Build configuration list for PBXNativeTarget "DeliveryFood2022UITests" */;
			buildPhases = (
				25AC86FAE0AAE8925E0D89DE /* [CP] Check Pods Manifest.lock */,
				5447E9F028C61C5A00B2F06D /* Sources */,
				5447E9F128C61C5A00B2F06D /* Frameworks */,
				5447E9F228C61C5A00B2F06D /* Resources */,
			);
			buildRules = (
			);
			dependencies = (
				5447E9F628C61C5A00B2F06D /* PBXTargetDependency */,
			);
			name = DeliveryFood2022UITests;
			productName = DeliveryFood2022UITests;
			productReference = 5447E9F428C61C5A00B2F06D /* DeliveryFood2022UITests.xctest */;
			productType = "com.apple.product-type.bundle.ui-testing";
		};
/* End PBXNativeTarget section */

/* Begin PBXProject section */
		5447E9CC28C61C5700B2F06D /* Project object */ = {
			isa = PBXProject;
			attributes = {
				BuildIndependentTargetsInParallel = 1;
				LastSwiftUpdateCheck = 1300;
				LastUpgradeCheck = 1300;
				TargetAttributes = {
					5447E9D328C61C5700B2F06D = {
						CreatedOnToolsVersion = 13.0;
					};
					5447E9E928C61C5A00B2F06D = {
						CreatedOnToolsVersion = 13.0;
						TestTargetID = 5447E9D328C61C5700B2F06D;
					};
					5447E9F328C61C5A00B2F06D = {
						CreatedOnToolsVersion = 13.0;
						TestTargetID = 5447E9D328C61C5700B2F06D;
					};
				};
			};
			buildConfigurationList = 5447E9CF28C61C5700B2F06D /* Build configuration list for PBXProject "DeliveryFood2022" */;
			compatibilityVersion = "Xcode 13.0";
			developmentRegion = en;
			hasScannedForEncodings = 0;
			knownRegions = (
				en,
				Base,
			);
			mainGroup = 5447E9CB28C61C5700B2F06D;
			productRefGroup = 5447E9D528C61C5700B2F06D /* Products */;
			projectDirPath = "";
			projectRoot = "";
			targets = (
				5447E9D328C61C5700B2F06D /* DeliveryFood2022 */,
				5447E9E928C61C5A00B2F06D /* DeliveryFood2022Tests */,
				5447E9F328C61C5A00B2F06D /* DeliveryFood2022UITests */,
			);
		};
/* End PBXProject section */

/* Begin PBXResourcesBuildPhase section */
		5447E9D228C61C5700B2F06D /* Resources */ = {
			isa = PBXResourcesBuildPhase;
			buildActionMask = 2147483647;
			files = (
				54ACDB8A28D319F000392470 /* Snowstorm Light.otf in Resources */,
				5447E9E428C61C5900B2F06D /* LaunchScreen.storyboard in Resources */,
				54ACDB8B28D319F000392470 /* Snowstorm.otf in Resources */,
				54ACDB8628D319D100392470 /* Rubik-Regular.ttf in Resources */,
				548B5F9928D477300027236D /* Archive.otf in Resources */,
				5447E9E128C61C5900B2F06D /* Assets.xcassets in Resources */,
				54ACDB8C28D319F000392470 /* Snowstorm Bold.otf in Resources */,
				54ACDB8428D319BC00392470 /* Rubik-Medium.ttf in Resources */,
			);
			runOnlyForDeploymentPostprocessing = 0;
		};
		5447E9E828C61C5A00B2F06D /* Resources */ = {
			isa = PBXResourcesBuildPhase;
			buildActionMask = 2147483647;
			files = (
			);
			runOnlyForDeploymentPostprocessing = 0;
		};
		5447E9F228C61C5A00B2F06D /* Resources */ = {
			isa = PBXResourcesBuildPhase;
			buildActionMask = 2147483647;
			files = (
			);
			runOnlyForDeploymentPostprocessing = 0;
		};
/* End PBXResourcesBuildPhase section */

/* Begin PBXShellScriptBuildPhase section */
		024C11D70A42ECB00A9337B3 /* [CP] Check Pods Manifest.lock */ = {
			isa = PBXShellScriptBuildPhase;
			buildActionMask = 2147483647;
			files = (
			);
			inputFileListPaths = (
			);
			inputPaths = (
				"${PODS_PODFILE_DIR_PATH}/Podfile.lock",
				"${PODS_ROOT}/Manifest.lock",
			);
			name = "[CP] Check Pods Manifest.lock";
			outputFileListPaths = (
			);
			outputPaths = (
				"$(DERIVED_FILE_DIR)/Pods-DeliveryFood2022-checkManifestLockResult.txt",
			);
			runOnlyForDeploymentPostprocessing = 0;
			shellPath = /bin/sh;
			shellScript = "diff \"${PODS_PODFILE_DIR_PATH}/Podfile.lock\" \"${PODS_ROOT}/Manifest.lock\" > /dev/null\nif [ $? != 0 ] ; then\n    # print error to STDERR\n    echo \"error: The sandbox is not in sync with the Podfile.lock. Run 'pod install' or update your CocoaPods installation.\" >&2\n    exit 1\nfi\n# This output is used by Xcode 'outputs' to avoid re-running this script phase.\necho \"SUCCESS\" > \"${SCRIPT_OUTPUT_FILE_0}\"\n";
			showEnvVarsInLog = 0;
		};
		25AC86FAE0AAE8925E0D89DE /* [CP] Check Pods Manifest.lock */ = {
			isa = PBXShellScriptBuildPhase;
			buildActionMask = 2147483647;
			files = (
			);
			inputFileListPaths = (
			);
			inputPaths = (
				"${PODS_PODFILE_DIR_PATH}/Podfile.lock",
				"${PODS_ROOT}/Manifest.lock",
			);
			name = "[CP] Check Pods Manifest.lock";
			outputFileListPaths = (
			);
			outputPaths = (
				"$(DERIVED_FILE_DIR)/Pods-DeliveryFood2022UITests-checkManifestLockResult.txt",
			);
			runOnlyForDeploymentPostprocessing = 0;
			shellPath = /bin/sh;
			shellScript = "diff \"${PODS_PODFILE_DIR_PATH}/Podfile.lock\" \"${PODS_ROOT}/Manifest.lock\" > /dev/null\nif [ $? != 0 ] ; then\n    # print error to STDERR\n    echo \"error: The sandbox is not in sync with the Podfile.lock. Run 'pod install' or update your CocoaPods installation.\" >&2\n    exit 1\nfi\n# This output is used by Xcode 'outputs' to avoid re-running this script phase.\necho \"SUCCESS\" > \"${SCRIPT_OUTPUT_FILE_0}\"\n";
			showEnvVarsInLog = 0;
		};
		4C1FF0E829E0A6814C9B83E4 /* [CP] Embed Pods Frameworks */ = {
			isa = PBXShellScriptBuildPhase;
			buildActionMask = 2147483647;
			files = (
			);
			inputFileListPaths = (
				"${PODS_ROOT}/Target Support Files/Pods-DeliveryFood2022/Pods-DeliveryFood2022-frameworks-${CONFIGURATION}-input-files.xcfilelist",
			);
			name = "[CP] Embed Pods Frameworks";
			outputFileListPaths = (
				"${PODS_ROOT}/Target Support Files/Pods-DeliveryFood2022/Pods-DeliveryFood2022-frameworks-${CONFIGURATION}-output-files.xcfilelist",
			);
			runOnlyForDeploymentPostprocessing = 0;
			shellPath = /bin/sh;
			shellScript = "\"${PODS_ROOT}/Target Support Files/Pods-DeliveryFood2022/Pods-DeliveryFood2022-frameworks.sh\"\n";
			showEnvVarsInLog = 0;
		};
		533AC4C5E5CBD9C4E5A54253 /* [CP] Check Pods Manifest.lock */ = {
			isa = PBXShellScriptBuildPhase;
			buildActionMask = 2147483647;
			files = (
			);
			inputFileListPaths = (
			);
			inputPaths = (
				"${PODS_PODFILE_DIR_PATH}/Podfile.lock",
				"${PODS_ROOT}/Manifest.lock",
			);
			name = "[CP] Check Pods Manifest.lock";
			outputFileListPaths = (
			);
			outputPaths = (
				"$(DERIVED_FILE_DIR)/Pods-DeliveryFood2022Tests-checkManifestLockResult.txt",
			);
			runOnlyForDeploymentPostprocessing = 0;
			shellPath = /bin/sh;
			shellScript = "diff \"${PODS_PODFILE_DIR_PATH}/Podfile.lock\" \"${PODS_ROOT}/Manifest.lock\" > /dev/null\nif [ $? != 0 ] ; then\n    # print error to STDERR\n    echo \"error: The sandbox is not in sync with the Podfile.lock. Run 'pod install' or update your CocoaPods installation.\" >&2\n    exit 1\nfi\n# This output is used by Xcode 'outputs' to avoid re-running this script phase.\necho \"SUCCESS\" > \"${SCRIPT_OUTPUT_FILE_0}\"\n";
			showEnvVarsInLog = 0;
		};
/* End PBXShellScriptBuildPhase section */

/* Begin PBXSourcesBuildPhase section */
		5447E9D028C61C5700B2F06D /* Sources */ = {
			isa = PBXSourcesBuildPhase;
			buildActionMask = 2147483647;
			files = (
				5447E9DC28C61C5700B2F06D /* CatalogViewController.swift in Sources */,
				5480471E28D9C0A50062845B /* SalesImageCell.swift in Sources */,
				541CCC9628D1DA6400BC272E /* UIColor.swift in Sources */,
				5447EA1F28CB397900B2F06D /* SalesCell.swift in Sources */,
				54ACDB8F28D3347500392470 /* MenuElementsCell.swift in Sources */,
				5447E9D828C61C5700B2F06D /* AppDelegate.swift in Sources */,
				5480471528D739730062845B /* Label.swift in Sources */,
				5447E9DA28C61C5700B2F06D /* SceneDelegate.swift in Sources */,
				5447EA1828CA1ADD00B2F06D /* Row.swift in Sources */,
				5447EA1A28CA1B2E00B2F06D /* SectionViewModel.swift in Sources */,
				548B5F9428D35F6B0027236D /* MenuElementsModel.swift in Sources */,
				5447EA1C28CA1C3D00B2F06D /* CatalogPresenter.swift in Sources */,
				5480471B28D73E510062845B /* WhiteLabelRubikMedium14.swift in Sources */,
				548B5F9B28D4AD910027236D /* MenuItemsModel.swift in Sources */,
				5447EA2728CB40D800B2F06D /* UITableView.swift in Sources */,
				5447EA2A28CB5E1800B2F06D /* SaleModel.swift in Sources */,
				5480471928D73D970062845B /* DescriptionLabel14.swift in Sources */,
				5480471728D73AA40062845B /* TitleLabel16.swift in Sources */,
				5447EA2328CB406300B2F06D /* UIView.swift in Sources */,
				5447EA1628CA1AC700B2F06D /* SectionType.swift in Sources */,
				548B5F9728D470950027236D /* MenuItemCell.swift in Sources */,
				541CCC9428D1D8A300BC272E /* DeliveryCell.swift in Sources */,
				54ACDB9228D3381D00392470 /* MenuLabelCell.swift in Sources */,
				5447EA2528CB40A900B2F06D /* UiTableViewCell.swift in Sources */,
			);
			runOnlyForDeploymentPostprocessing = 0;
		};
		5447E9E628C61C5A00B2F06D /* Sources */ = {
			isa = PBXSourcesBuildPhase;
			buildActionMask = 2147483647;
			files = (
				5447E9EF28C61C5A00B2F06D /* DeliveryFood2022Tests.swift in Sources */,
			);
			runOnlyForDeploymentPostprocessing = 0;
		};
		5447E9F028C61C5A00B2F06D /* Sources */ = {
			isa = PBXSourcesBuildPhase;
			buildActionMask = 2147483647;
			files = (
				5447E9FB28C61C5A00B2F06D /* DeliveryFood2022UITestsLaunchTests.swift in Sources */,
				5447E9F928C61C5A00B2F06D /* DeliveryFood2022UITests.swift in Sources */,
			);
			runOnlyForDeploymentPostprocessing = 0;
		};
/* End PBXSourcesBuildPhase section */

/* Begin PBXTargetDependency section */
		5447E9EC28C61C5A00B2F06D /* PBXTargetDependency */ = {
			isa = PBXTargetDependency;
			target = 5447E9D328C61C5700B2F06D /* DeliveryFood2022 */;
			targetProxy = 5447E9EB28C61C5A00B2F06D /* PBXContainerItemProxy */;
		};
		5447E9F628C61C5A00B2F06D /* PBXTargetDependency */ = {
			isa = PBXTargetDependency;
			target = 5447E9D328C61C5700B2F06D /* DeliveryFood2022 */;
			targetProxy = 5447E9F528C61C5A00B2F06D /* PBXContainerItemProxy */;
		};
/* End PBXTargetDependency section */

/* Begin PBXVariantGroup section */
		5447E9E228C61C5900B2F06D /* LaunchScreen.storyboard */ = {
			isa = PBXVariantGroup;
			children = (
				5447E9E328C61C5900B2F06D /* Base */,
			);
			name = LaunchScreen.storyboard;
			sourceTree = "<group>";
		};
/* End PBXVariantGroup section */

/* Begin XCBuildConfiguration section */
		5447E9FC28C61C5A00B2F06D /* Debug */ = {
			isa = XCBuildConfiguration;
			buildSettings = {
				ALWAYS_SEARCH_USER_PATHS = NO;
				CLANG_ANALYZER_NONNULL = YES;
				CLANG_ANALYZER_NUMBER_OBJECT_CONVERSION = YES_AGGRESSIVE;
				CLANG_CXX_LANGUAGE_STANDARD = "gnu++17";
				CLANG_CXX_LIBRARY = "libc++";
				CLANG_ENABLE_MODULES = YES;
				CLANG_ENABLE_OBJC_ARC = YES;
				CLANG_ENABLE_OBJC_WEAK = YES;
				CLANG_WARN_BLOCK_CAPTURE_AUTORELEASING = YES;
				CLANG_WARN_BOOL_CONVERSION = YES;
				CLANG_WARN_COMMA = YES;
				CLANG_WARN_CONSTANT_CONVERSION = YES;
				CLANG_WARN_DEPRECATED_OBJC_IMPLEMENTATIONS = YES;
				CLANG_WARN_DIRECT_OBJC_ISA_USAGE = YES_ERROR;
				CLANG_WARN_DOCUMENTATION_COMMENTS = YES;
				CLANG_WARN_EMPTY_BODY = YES;
				CLANG_WARN_ENUM_CONVERSION = YES;
				CLANG_WARN_INFINITE_RECURSION = YES;
				CLANG_WARN_INT_CONVERSION = YES;
				CLANG_WARN_NON_LITERAL_NULL_CONVERSION = YES;
				CLANG_WARN_OBJC_IMPLICIT_RETAIN_SELF = YES;
				CLANG_WARN_OBJC_LITERAL_CONVERSION = YES;
				CLANG_WARN_OBJC_ROOT_CLASS = YES_ERROR;
				CLANG_WARN_QUOTED_INCLUDE_IN_FRAMEWORK_HEADER = YES;
				CLANG_WARN_RANGE_LOOP_ANALYSIS = YES;
				CLANG_WARN_STRICT_PROTOTYPES = YES;
				CLANG_WARN_SUSPICIOUS_MOVE = YES;
				CLANG_WARN_UNGUARDED_AVAILABILITY = YES_AGGRESSIVE;
				CLANG_WARN_UNREACHABLE_CODE = YES;
				CLANG_WARN__DUPLICATE_METHOD_MATCH = YES;
				COPY_PHASE_STRIP = NO;
				DEBUG_INFORMATION_FORMAT = dwarf;
				ENABLE_STRICT_OBJC_MSGSEND = YES;
				ENABLE_TESTABILITY = YES;
				GCC_C_LANGUAGE_STANDARD = gnu11;
				GCC_DYNAMIC_NO_PIC = NO;
				GCC_NO_COMMON_BLOCKS = YES;
				GCC_OPTIMIZATION_LEVEL = 0;
				GCC_PREPROCESSOR_DEFINITIONS = (
					"DEBUG=1",
					"$(inherited)",
				);
				GCC_WARN_64_TO_32_BIT_CONVERSION = YES;
				GCC_WARN_ABOUT_RETURN_TYPE = YES_ERROR;
				GCC_WARN_UNDECLARED_SELECTOR = YES;
				GCC_WARN_UNINITIALIZED_AUTOS = YES_AGGRESSIVE;
				GCC_WARN_UNUSED_FUNCTION = YES;
				GCC_WARN_UNUSED_VARIABLE = YES;
				IPHONEOS_DEPLOYMENT_TARGET = 13.0;
				MTL_ENABLE_DEBUG_INFO = INCLUDE_SOURCE;
				MTL_FAST_MATH = YES;
				ONLY_ACTIVE_ARCH = YES;
				SDKROOT = iphoneos;
				SWIFT_ACTIVE_COMPILATION_CONDITIONS = DEBUG;
				SWIFT_OPTIMIZATION_LEVEL = "-Onone";
			};
			name = Debug;
		};
		5447E9FD28C61C5A00B2F06D /* Release */ = {
			isa = XCBuildConfiguration;
			buildSettings = {
				ALWAYS_SEARCH_USER_PATHS = NO;
				CLANG_ANALYZER_NONNULL = YES;
				CLANG_ANALYZER_NUMBER_OBJECT_CONVERSION = YES_AGGRESSIVE;
				CLANG_CXX_LANGUAGE_STANDARD = "gnu++17";
				CLANG_CXX_LIBRARY = "libc++";
				CLANG_ENABLE_MODULES = YES;
				CLANG_ENABLE_OBJC_ARC = YES;
				CLANG_ENABLE_OBJC_WEAK = YES;
				CLANG_WARN_BLOCK_CAPTURE_AUTORELEASING = YES;
				CLANG_WARN_BOOL_CONVERSION = YES;
				CLANG_WARN_COMMA = YES;
				CLANG_WARN_CONSTANT_CONVERSION = YES;
				CLANG_WARN_DEPRECATED_OBJC_IMPLEMENTATIONS = YES;
				CLANG_WARN_DIRECT_OBJC_ISA_USAGE = YES_ERROR;
				CLANG_WARN_DOCUMENTATION_COMMENTS = YES;
				CLANG_WARN_EMPTY_BODY = YES;
				CLANG_WARN_ENUM_CONVERSION = YES;
				CLANG_WARN_INFINITE_RECURSION = YES;
				CLANG_WARN_INT_CONVERSION = YES;
				CLANG_WARN_NON_LITERAL_NULL_CONVERSION = YES;
				CLANG_WARN_OBJC_IMPLICIT_RETAIN_SELF = YES;
				CLANG_WARN_OBJC_LITERAL_CONVERSION = YES;
				CLANG_WARN_OBJC_ROOT_CLASS = YES_ERROR;
				CLANG_WARN_QUOTED_INCLUDE_IN_FRAMEWORK_HEADER = YES;
				CLANG_WARN_RANGE_LOOP_ANALYSIS = YES;
				CLANG_WARN_STRICT_PROTOTYPES = YES;
				CLANG_WARN_SUSPICIOUS_MOVE = YES;
				CLANG_WARN_UNGUARDED_AVAILABILITY = YES_AGGRESSIVE;
				CLANG_WARN_UNREACHABLE_CODE = YES;
				CLANG_WARN__DUPLICATE_METHOD_MATCH = YES;
				COPY_PHASE_STRIP = NO;
				DEBUG_INFORMATION_FORMAT = "dwarf-with-dsym";
				ENABLE_NS_ASSERTIONS = NO;
				ENABLE_STRICT_OBJC_MSGSEND = YES;
				GCC_C_LANGUAGE_STANDARD = gnu11;
				GCC_NO_COMMON_BLOCKS = YES;
				GCC_WARN_64_TO_32_BIT_CONVERSION = YES;
				GCC_WARN_ABOUT_RETURN_TYPE = YES_ERROR;
				GCC_WARN_UNDECLARED_SELECTOR = YES;
				GCC_WARN_UNINITIALIZED_AUTOS = YES_AGGRESSIVE;
				GCC_WARN_UNUSED_FUNCTION = YES;
				GCC_WARN_UNUSED_VARIABLE = YES;
				IPHONEOS_DEPLOYMENT_TARGET = 13.0;
				MTL_ENABLE_DEBUG_INFO = NO;
				MTL_FAST_MATH = YES;
				SDKROOT = iphoneos;
				SWIFT_COMPILATION_MODE = wholemodule;
				SWIFT_OPTIMIZATION_LEVEL = "-O";
				VALIDATE_PRODUCT = YES;
			};
			name = Release;
		};
		5447E9FF28C61C5A00B2F06D /* Debug */ = {
			isa = XCBuildConfiguration;
			baseConfigurationReference = F173BD46508F60817AB1A106 /* Pods-DeliveryFood2022.debug.xcconfig */;
			buildSettings = {
				ASSETCATALOG_COMPILER_APPICON_NAME = AppIcon;
				ASSETCATALOG_COMPILER_GLOBAL_ACCENT_COLOR_NAME = AccentColor;
				CODE_SIGN_STYLE = Automatic;
				CURRENT_PROJECT_VERSION = 1;
				GENERATE_INFOPLIST_FILE = YES;
				INFOPLIST_FILE = DeliveryFood2022/Applications/Info.plist;
				INFOPLIST_KEY_UIApplicationSupportsIndirectInputEvents = YES;
				INFOPLIST_KEY_UILaunchStoryboardName = LaunchScreen;
				INFOPLIST_KEY_UISupportedInterfaceOrientations_iPad = "UIInterfaceOrientationPortrait UIInterfaceOrientationPortraitUpsideDown UIInterfaceOrientationLandscapeLeft UIInterfaceOrientationLandscapeRight";
				INFOPLIST_KEY_UISupportedInterfaceOrientations_iPhone = "UIInterfaceOrientationPortrait UIInterfaceOrientationLandscapeLeft UIInterfaceOrientationLandscapeRight";
				IPHONEOS_DEPLOYMENT_TARGET = 13.0;
				LD_RUNPATH_SEARCH_PATHS = (
					"$(inherited)",
					"@executable_path/Frameworks",
				);
				MARKETING_VERSION = 1.0;
				PRODUCT_BUNDLE_IDENTIFIER = noone.DeliveryFood2022;
				PRODUCT_NAME = "$(TARGET_NAME)";
				SWIFT_EMIT_LOC_STRINGS = YES;
				SWIFT_VERSION = 5.0;
				TARGETED_DEVICE_FAMILY = "1,2";
			};
			name = Debug;
		};
		5447EA0028C61C5A00B2F06D /* Release */ = {
			isa = XCBuildConfiguration;
			baseConfigurationReference = D2A9451653C8DB6ED51D520B /* Pods-DeliveryFood2022.release.xcconfig */;
			buildSettings = {
				ASSETCATALOG_COMPILER_APPICON_NAME = AppIcon;
				ASSETCATALOG_COMPILER_GLOBAL_ACCENT_COLOR_NAME = AccentColor;
				CODE_SIGN_STYLE = Automatic;
				CURRENT_PROJECT_VERSION = 1;
				GENERATE_INFOPLIST_FILE = YES;
				INFOPLIST_FILE = DeliveryFood2022/Applications/Info.plist;
				INFOPLIST_KEY_UIApplicationSupportsIndirectInputEvents = YES;
				INFOPLIST_KEY_UILaunchStoryboardName = LaunchScreen;
				INFOPLIST_KEY_UISupportedInterfaceOrientations_iPad = "UIInterfaceOrientationPortrait UIInterfaceOrientationPortraitUpsideDown UIInterfaceOrientationLandscapeLeft UIInterfaceOrientationLandscapeRight";
				INFOPLIST_KEY_UISupportedInterfaceOrientations_iPhone = "UIInterfaceOrientationPortrait UIInterfaceOrientationLandscapeLeft UIInterfaceOrientationLandscapeRight";
				IPHONEOS_DEPLOYMENT_TARGET = 13.0;
				LD_RUNPATH_SEARCH_PATHS = (
					"$(inherited)",
					"@executable_path/Frameworks",
				);
				MARKETING_VERSION = 1.0;
				PRODUCT_BUNDLE_IDENTIFIER = noone.DeliveryFood2022;
				PRODUCT_NAME = "$(TARGET_NAME)";
				SWIFT_EMIT_LOC_STRINGS = YES;
				SWIFT_VERSION = 5.0;
				TARGETED_DEVICE_FAMILY = "1,2";
			};
			name = Release;
		};
		5447EA0228C61C5A00B2F06D /* Debug */ = {
			isa = XCBuildConfiguration;
			baseConfigurationReference = A1C726DDAC272BC782CFF7B2 /* Pods-DeliveryFood2022Tests.debug.xcconfig */;
			buildSettings = {
				ALWAYS_EMBED_SWIFT_STANDARD_LIBRARIES = YES;
				BUNDLE_LOADER = "$(TEST_HOST)";
				CODE_SIGN_STYLE = Automatic;
				CURRENT_PROJECT_VERSION = 1;
				GENERATE_INFOPLIST_FILE = YES;
				IPHONEOS_DEPLOYMENT_TARGET = 15.0;
				LD_RUNPATH_SEARCH_PATHS = (
					"$(inherited)",
					"@executable_path/Frameworks",
					"@loader_path/Frameworks",
				);
				MARKETING_VERSION = 1.0;
				PRODUCT_BUNDLE_IDENTIFIER = noone.DeliveryFood2022Tests;
				PRODUCT_NAME = "$(TARGET_NAME)";
				SWIFT_EMIT_LOC_STRINGS = NO;
				SWIFT_VERSION = 5.0;
				TARGETED_DEVICE_FAMILY = "1,2";
				TEST_HOST = "$(BUILT_PRODUCTS_DIR)/DeliveryFood2022.app/DeliveryFood2022";
			};
			name = Debug;
		};
		5447EA0328C61C5A00B2F06D /* Release */ = {
			isa = XCBuildConfiguration;
			baseConfigurationReference = E96EA4469C9FAC6BE6612BD3 /* Pods-DeliveryFood2022Tests.release.xcconfig */;
			buildSettings = {
				ALWAYS_EMBED_SWIFT_STANDARD_LIBRARIES = YES;
				BUNDLE_LOADER = "$(TEST_HOST)";
				CODE_SIGN_STYLE = Automatic;
				CURRENT_PROJECT_VERSION = 1;
				GENERATE_INFOPLIST_FILE = YES;
				IPHONEOS_DEPLOYMENT_TARGET = 15.0;
				LD_RUNPATH_SEARCH_PATHS = (
					"$(inherited)",
					"@executable_path/Frameworks",
					"@loader_path/Frameworks",
				);
				MARKETING_VERSION = 1.0;
				PRODUCT_BUNDLE_IDENTIFIER = noone.DeliveryFood2022Tests;
				PRODUCT_NAME = "$(TARGET_NAME)";
				SWIFT_EMIT_LOC_STRINGS = NO;
				SWIFT_VERSION = 5.0;
				TARGETED_DEVICE_FAMILY = "1,2";
				TEST_HOST = "$(BUILT_PRODUCTS_DIR)/DeliveryFood2022.app/DeliveryFood2022";
			};
			name = Release;
		};
		5447EA0528C61C5A00B2F06D /* Debug */ = {
			isa = XCBuildConfiguration;
			baseConfigurationReference = FAE9E910EBFB4829BF34D256 /* Pods-DeliveryFood2022UITests.debug.xcconfig */;
			buildSettings = {
				ALWAYS_EMBED_SWIFT_STANDARD_LIBRARIES = YES;
				CODE_SIGN_STYLE = Automatic;
				CURRENT_PROJECT_VERSION = 1;
				GENERATE_INFOPLIST_FILE = YES;
				LD_RUNPATH_SEARCH_PATHS = (
					"$(inherited)",
					"@executable_path/Frameworks",
					"@loader_path/Frameworks",
				);
				MARKETING_VERSION = 1.0;
				PRODUCT_BUNDLE_IDENTIFIER = noone.DeliveryFood2022UITests;
				PRODUCT_NAME = "$(TARGET_NAME)";
				SWIFT_EMIT_LOC_STRINGS = NO;
				SWIFT_VERSION = 5.0;
				TARGETED_DEVICE_FAMILY = "1,2";
				TEST_TARGET_NAME = DeliveryFood2022;
			};
			name = Debug;
		};
		5447EA0628C61C5A00B2F06D /* Release */ = {
			isa = XCBuildConfiguration;
			baseConfigurationReference = 59CEB0C8FFDFFE8E5AC6DDB0 /* Pods-DeliveryFood2022UITests.release.xcconfig */;
			buildSettings = {
				ALWAYS_EMBED_SWIFT_STANDARD_LIBRARIES = YES;
				CODE_SIGN_STYLE = Automatic;
				CURRENT_PROJECT_VERSION = 1;
				GENERATE_INFOPLIST_FILE = YES;
				LD_RUNPATH_SEARCH_PATHS = (
					"$(inherited)",
					"@executable_path/Frameworks",
					"@loader_path/Frameworks",
				);
				MARKETING_VERSION = 1.0;
				PRODUCT_BUNDLE_IDENTIFIER = noone.DeliveryFood2022UITests;
				PRODUCT_NAME = "$(TARGET_NAME)";
				SWIFT_EMIT_LOC_STRINGS = NO;
				SWIFT_VERSION = 5.0;
				TARGETED_DEVICE_FAMILY = "1,2";
				TEST_TARGET_NAME = DeliveryFood2022;
			};
			name = Release;
		};
/* End XCBuildConfiguration section */

/* Begin XCConfigurationList section */
		5447E9CF28C61C5700B2F06D /* Build configuration list for PBXProject "DeliveryFood2022" */ = {
			isa = XCConfigurationList;
			buildConfigurations = (
				5447E9FC28C61C5A00B2F06D /* Debug */,
				5447E9FD28C61C5A00B2F06D /* Release */,
			);
			defaultConfigurationIsVisible = 0;
			defaultConfigurationName = Release;
		};
		5447E9FE28C61C5A00B2F06D /* Build configuration list for PBXNativeTarget "DeliveryFood2022" */ = {
			isa = XCConfigurationList;
			buildConfigurations = (
				5447E9FF28C61C5A00B2F06D /* Debug */,
				5447EA0028C61C5A00B2F06D /* Release */,
			);
			defaultConfigurationIsVisible = 0;
			defaultConfigurationName = Release;
		};
		5447EA0128C61C5A00B2F06D /* Build configuration list for PBXNativeTarget "DeliveryFood2022Tests" */ = {
			isa = XCConfigurationList;
			buildConfigurations = (
				5447EA0228C61C5A00B2F06D /* Debug */,
				5447EA0328C61C5A00B2F06D /* Release */,
			);
			defaultConfigurationIsVisible = 0;
			defaultConfigurationName = Release;
		};
		5447EA0428C61C5A00B2F06D /* Build configuration list for PBXNativeTarget "DeliveryFood2022UITests" */ = {
			isa = XCConfigurationList;
			buildConfigurations = (
				5447EA0528C61C5A00B2F06D /* Debug */,
				5447EA0628C61C5A00B2F06D /* Release */,
			);
			defaultConfigurationIsVisible = 0;
			defaultConfigurationName = Release;
		};
/* End XCConfigurationList section */
	};
	rootObject = 5447E9CC28C61C5700B2F06D /* Project object */;
}
